
Microsoft Visual Studio Solution File, Format Version 12.00
# Visual Studio 15
VisualStudioVersion = 15.0.27703.2018
MinimumVisualStudioVersion = 10.0.40219.1
Project("{F184B08F-C81C-45F6-A57F-5ABD9991F28F}") = "i-TKY", "i-TKY.vbproj", "{2D71E7C5-5F0B-45E2-AE2F-94D2F760D558}"
	ProjectSection(ProjectDependencies) = postProject
		{48525E0B-3420-4B58-9117-C1368D864C40} = {48525E0B-3420-4B58-9117-C1368D864C40}
		{88B64B14-D4D9-4DA0-9218-9ABC7D8570A9} = {88B64B14-D4D9-4DA0-9218-9ABC7D8570A9}
		{78CBE21A-9BF5-4EB5-953F-E693A7AF7ACF} = {78CBE21A-9BF5-4EB5-953F-E693A7AF7ACF}
		{168A6925-28F8-48BE-90E5-218988DA8752} = {168A6925-28F8-48BE-90E5-218988DA8752}
		{63EEE325-EB04-4474-9DD4-A3204B495785} = {63EEE325-EB04-4474-9DD4-A3204B495785}
		{FC7D3841-D628-48FB-987A-FD735B8491EF} = {FC7D3841-D628-48FB-987A-FD735B8491EF}
		{D8D93644-FD98-49D4-A9BF-0AF73B502942} = {D8D93644-FD98-49D4-A9BF-0AF73B502942}
		{6EA8175D-CCA6-4DC1-9F5B-920ABAFC882E} = {6EA8175D-CCA6-4DC1-9F5B-920ABAFC882E}
		{D635FB61-94C9-4CC6-B6CA-1EB45D398D8C} = {D635FB61-94C9-4CC6-B6CA-1EB45D398D8C}
		{946E3362-DC08-41CC-B078-3D0007E800DD} = {946E3362-DC08-41CC-B078-3D0007E800DD}
		{03580C6A-7D7C-46F9-A01B-28AAE87D335B} = {03580C6A-7D7C-46F9-A01B-28AAE87D335B}
		{FDD6AF75-10CB-449B-8C94-520B0DEE34E7} = {FDD6AF75-10CB-449B-8C94-520B0DEE34E7}
		{E7EB2178-0942-4765-86F9-92082E6007BB} = {E7EB2178-0942-4765-86F9-92082E6007BB}
		{A6DEA78B-21DA-406A-A1E4-AAC7622FEAC1} = {A6DEA78B-21DA-406A-A1E4-AAC7622FEAC1}
		{409E738F-FC00-4587-8637-0830F12BD0D8} = {409E738F-FC00-4587-8637-0830F12BD0D8}
		{044FB4B2-44A2-4284-BB45-EECED6057B3D} = {044FB4B2-44A2-4284-BB45-EECED6057B3D}
		{67EE50B8-EE98-4DD6-A76E-105E78B4CD26} = {67EE50B8-EE98-4DD6-A76E-105E78B4CD26}
		{1B16BDBD-682B-4D47-8217-D6C2FA79B8FA} = {1B16BDBD-682B-4D47-8217-D6C2FA79B8FA}
		{A7B6B2D7-CDBC-49ED-A735-BB4C29C7A619} = {A7B6B2D7-CDBC-49ED-A735-BB4C29C7A619}
		{2230BFE4-1D07-48BA-8977-527DA3C8FD38} = {2230BFE4-1D07-48BA-8977-527DA3C8FD38}
		{3A0868E5-D4B9-4360-B0A5-B92B33D2ABE6} = {3A0868E5-D4B9-4360-B0A5-B92B33D2ABE6}
		{8C1F49EB-8C4C-4465-AC11-AC833C73D4F4} = {8C1F49EB-8C4C-4465-AC11-AC833C73D4F4}
		{6F7143EF-CC11-4CA7-B8FB-E71B87B2FC72} = {6F7143EF-CC11-4CA7-B8FB-E71B87B2FC72}
		{969D2AF0-FE64-4C38-94A5-CEEDB8635886} = {969D2AF0-FE64-4C38-94A5-CEEDB8635886}
		{423A34F2-46D6-455A-ADC1-72D383EE6B38} = {423A34F2-46D6-455A-ADC1-72D383EE6B38}
		{E4C778FE-92AB-4E3E-859C-59DC0591D2C3} = {E4C778FE-92AB-4E3E-859C-59DC0591D2C3}
	EndProjectSection
EndProject
Project("{FAE04EC0-301F-11D3-BF4B-00C04F79EFBC}") = "ctlFLSetupLib", "..\..\Modules\DLL\ctlFLSetupLib\ctlFLSetupLib\ctlFLSetupLib.csproj", "{3A0868E5-D4B9-4360-B0A5-B92B33D2ABE6}"
	ProjectSection(ProjectDependencies) = postProject
		{88B64B14-D4D9-4DA0-9218-9ABC7D8570A9} = {88B64B14-D4D9-4DA0-9218-9ABC7D8570A9}
		{78CBE21A-9BF5-4EB5-953F-E693A7AF7ACF} = {78CBE21A-9BF5-4EB5-953F-E693A7AF7ACF}
		{946E3362-DC08-41CC-B078-3D0007E800DD} = {946E3362-DC08-41CC-B078-3D0007E800DD}
	EndProjectSection
EndProject
Project("{FAE04EC0-301F-11D3-BF4B-00C04F79EFBC}") = "DefMv10Fnc", "..\..\Modules\DLL\DefMv10Fnc\DefMv10Fnc\DefMv10Fnc.csproj", "{044FB4B2-44A2-4284-BB45-EECED6057B3D}"
EndProject
Project("{FAE04EC0-301F-11D3-BF4B-00C04F79EFBC}") = "DefTrimFnc", "..\..\Modules\DLL\DefTrimFnc\DefTrimFnc\DefTrimFnc.csproj", "{FC7D3841-D628-48FB-987A-FD735B8491EF}"
EndProject
Project("{FAE04EC0-301F-11D3-BF4B-00C04F79EFBC}") = "DefWin32Fnc", "..\..\Modules\DLL\DefWin32Fnc\DefWin32Fnc\DefWin32Fnc.csproj", "{03580C6A-7D7C-46F9-A01B-28AAE87D335B}"
EndProject
Project("{F184B08F-C81C-45F6-A57F-5ABD9991F28F}") = "DllAbout", "..\..\Modules\DLL\DllAbout\DllAbout.vbproj", "{E7EB2178-0942-4765-86F9-92082E6007BB}"
	ProjectSection(ProjectDependencies) = postProject
		{D8D93644-FD98-49D4-A9BF-0AF73B502942} = {D8D93644-FD98-49D4-A9BF-0AF73B502942}
	EndProjectSection
EndProject
Project("{FAE04EC0-301F-11D3-BF4B-00C04F79EFBC}") = "DllCndXMLIO", "..\..\Modules\DLL\DllCndXMLIO\DllCndXMLIO\DllCndXMLIO.csproj", "{88B64B14-D4D9-4DA0-9218-9ABC7D8570A9}"
EndProject
Project("{FAE04EC0-301F-11D3-BF4B-00C04F79EFBC}") = "DllFLCom", "..\..\Modules\DLL\DllFLCom\DllFLCom\DllFLCom.csproj", "{946E3362-DC08-41CC-B078-3D0007E800DD}"
	ProjectSection(ProjectDependencies) = postProject
		{78CBE21A-9BF5-4EB5-953F-E693A7AF7ACF} = {78CBE21A-9BF5-4EB5-953F-E693A7AF7ACF}
	EndProjectSection
EndProject
Project("{FAE04EC0-301F-11D3-BF4B-00C04F79EFBC}") = "DllGpibFunc", "..\..\Modules\DLL\DllGpibFunc\DllGpibFunc\DllGpibFunc.csproj", "{A7B6B2D7-CDBC-49ED-A735-BB4C29C7A619}"
EndProject
Project("{F184B08F-C81C-45F6-A57F-5ABD9991F28F}") = "DllJog", "..\..\Modules\DLL\DllJog\DllJog.vbproj", "{6EA8175D-CCA6-4DC1-9F5B-920ABAFC882E}"
	ProjectSection(ProjectDependencies) = postProject
		{FC7D3841-D628-48FB-987A-FD735B8491EF} = {FC7D3841-D628-48FB-987A-FD735B8491EF}
		{D8D93644-FD98-49D4-A9BF-0AF73B502942} = {D8D93644-FD98-49D4-A9BF-0AF73B502942}
		{03580C6A-7D7C-46F9-A01B-28AAE87D335B} = {03580C6A-7D7C-46F9-A01B-28AAE87D335B}
		{67EE50B8-EE98-4DD6-A76E-105E78B4CD26} = {67EE50B8-EE98-4DD6-A76E-105E78B4CD26}
		{1B16BDBD-682B-4D47-8217-D6C2FA79B8FA} = {1B16BDBD-682B-4D47-8217-D6C2FA79B8FA}
		{969D2AF0-FE64-4C38-94A5-CEEDB8635886} = {969D2AF0-FE64-4C38-94A5-CEEDB8635886}
	EndProjectSection
EndProject
Project("{F184B08F-C81C-45F6-A57F-5ABD9991F28F}") = "DllLaserTeach", "..\..\Modules\DLL\DllLaserTeach\DllLaserTeach.vbproj", "{409E738F-FC00-4587-8637-0830F12BD0D8}"
	ProjectSection(ProjectDependencies) = postProject
		{88B64B14-D4D9-4DA0-9218-9ABC7D8570A9} = {88B64B14-D4D9-4DA0-9218-9ABC7D8570A9}
		{78CBE21A-9BF5-4EB5-953F-E693A7AF7ACF} = {78CBE21A-9BF5-4EB5-953F-E693A7AF7ACF}
		{FC7D3841-D628-48FB-987A-FD735B8491EF} = {FC7D3841-D628-48FB-987A-FD735B8491EF}
		{D8D93644-FD98-49D4-A9BF-0AF73B502942} = {D8D93644-FD98-49D4-A9BF-0AF73B502942}
		{6EA8175D-CCA6-4DC1-9F5B-920ABAFC882E} = {6EA8175D-CCA6-4DC1-9F5B-920ABAFC882E}
		{946E3362-DC08-41CC-B078-3D0007E800DD} = {946E3362-DC08-41CC-B078-3D0007E800DD}
		{044FB4B2-44A2-4284-BB45-EECED6057B3D} = {044FB4B2-44A2-4284-BB45-EECED6057B3D}
		{67EE50B8-EE98-4DD6-A76E-105E78B4CD26} = {67EE50B8-EE98-4DD6-A76E-105E78B4CD26}
		{1B16BDBD-682B-4D47-8217-D6C2FA79B8FA} = {1B16BDBD-682B-4D47-8217-D6C2FA79B8FA}
		{8C1F49EB-8C4C-4465-AC11-AC833C73D4F4} = {8C1F49EB-8C4C-4465-AC11-AC833C73D4F4}
		{969D2AF0-FE64-4C38-94A5-CEEDB8635886} = {969D2AF0-FE64-4C38-94A5-CEEDB8635886}
	EndProjectSection
EndProject
Project("{F184B08F-C81C-45F6-A57F-5ABD9991F28F}") = "DllManualTeach", "..\..\Modules\DLL\DllManualTeach\DllManualTeach.vbproj", "{2230BFE4-1D07-48BA-8977-527DA3C8FD38}"
	ProjectSection(ProjectDependencies) = postProject
		{FC7D3841-D628-48FB-987A-FD735B8491EF} = {FC7D3841-D628-48FB-987A-FD735B8491EF}
		{D8D93644-FD98-49D4-A9BF-0AF73B502942} = {D8D93644-FD98-49D4-A9BF-0AF73B502942}
		{6EA8175D-CCA6-4DC1-9F5B-920ABAFC882E} = {6EA8175D-CCA6-4DC1-9F5B-920ABAFC882E}
		{67EE50B8-EE98-4DD6-A76E-105E78B4CD26} = {67EE50B8-EE98-4DD6-A76E-105E78B4CD26}
		{1B16BDBD-682B-4D47-8217-D6C2FA79B8FA} = {1B16BDBD-682B-4D47-8217-D6C2FA79B8FA}
		{8C1F49EB-8C4C-4465-AC11-AC833C73D4F4} = {8C1F49EB-8C4C-4465-AC11-AC833C73D4F4}
		{969D2AF0-FE64-4C38-94A5-CEEDB8635886} = {969D2AF0-FE64-4C38-94A5-CEEDB8635886}
	EndProjectSection
EndProject
Project("{F184B08F-C81C-45F6-A57F-5ABD9991F28F}") = "DllPassword", "..\..\Modules\DLL\DllPassword\DllPassword.vbproj", "{63EEE325-EB04-4474-9DD4-A3204B495785}"
	ProjectSection(ProjectDependencies) = postProject
		{D8D93644-FD98-49D4-A9BF-0AF73B502942} = {D8D93644-FD98-49D4-A9BF-0AF73B502942}
	EndProjectSection
EndProject
Project("{FAE04EC0-301F-11D3-BF4B-00C04F79EFBC}") = "DllPlcIf", "..\..\Modules\DLL\DllPlcIf\DllPlcIf\DllPlcIf.csproj", "{423A34F2-46D6-455A-ADC1-72D383EE6B38}"
EndProject
Project("{F184B08F-C81C-45F6-A57F-5ABD9991F28F}") = "DllProbeTeach", "..\..\Modules\DLL\DllProbeTeaching\DllProbeTeach.vbproj", "{E4C778FE-92AB-4E3E-859C-59DC0591D2C3}"
	ProjectSection(ProjectDependencies) = postProject
		{FC7D3841-D628-48FB-987A-FD735B8491EF} = {FC7D3841-D628-48FB-987A-FD735B8491EF}
		{D8D93644-FD98-49D4-A9BF-0AF73B502942} = {D8D93644-FD98-49D4-A9BF-0AF73B502942}
		{6EA8175D-CCA6-4DC1-9F5B-920ABAFC882E} = {6EA8175D-CCA6-4DC1-9F5B-920ABAFC882E}
		{03580C6A-7D7C-46F9-A01B-28AAE87D335B} = {03580C6A-7D7C-46F9-A01B-28AAE87D335B}
		{67EE50B8-EE98-4DD6-A76E-105E78B4CD26} = {67EE50B8-EE98-4DD6-A76E-105E78B4CD26}
		{1B16BDBD-682B-4D47-8217-D6C2FA79B8FA} = {1B16BDBD-682B-4D47-8217-D6C2FA79B8FA}
		{8C1F49EB-8C4C-4465-AC11-AC833C73D4F4} = {8C1F49EB-8C4C-4465-AC11-AC833C73D4F4}
		{969D2AF0-FE64-4C38-94A5-CEEDB8635886} = {969D2AF0-FE64-4C38-94A5-CEEDB8635886}
	EndProjectSection
EndProject
Project("{FAE04EC0-301F-11D3-BF4B-00C04F79EFBC}") = "DllQRDataIO", "..\..\Modules\DLL\DllQRDataIO\DllQRDataIO\DllQRDataIO.csproj", "{A6DEA78B-21DA-406A-A1E4-AAC7622FEAC1}"
	ProjectSection(ProjectDependencies) = postProject
		{78CBE21A-9BF5-4EB5-953F-E693A7AF7ACF} = {78CBE21A-9BF5-4EB5-953F-E693A7AF7ACF}
	EndProjectSection
EndProject
Project("{FAE04EC0-301F-11D3-BF4B-00C04F79EFBC}") = "DllSerialIO", "..\..\Modules\DLL\DllSerialIO\DllSerialIO\DllSerialIO.csproj", "{78CBE21A-9BF5-4EB5-953F-E693A7AF7ACF}"
EndProject
Project("{F184B08F-C81C-45F6-A57F-5ABD9991F28F}") = "DllSysprm", "..\..\Modules\DLL\DllSysprm\DllSysprm.vbproj", "{1B16BDBD-682B-4D47-8217-D6C2FA79B8FA}"
	ProjectSection(ProjectDependencies) = postProject
		{03580C6A-7D7C-46F9-A01B-28AAE87D335B} = {03580C6A-7D7C-46F9-A01B-28AAE87D335B}
	EndProjectSection
EndProject
Project("{F184B08F-C81C-45F6-A57F-5ABD9991F28F}") = "DllSystem", "..\..\Modules\DLL\DllSystem\DllSystem.vbproj", "{969D2AF0-FE64-4C38-94A5-CEEDB8635886}"
	ProjectSection(ProjectDependencies) = postProject
		{88B64B14-D4D9-4DA0-9218-9ABC7D8570A9} = {88B64B14-D4D9-4DA0-9218-9ABC7D8570A9}
		{78CBE21A-9BF5-4EB5-953F-E693A7AF7ACF} = {78CBE21A-9BF5-4EB5-953F-E693A7AF7ACF}
		{FC7D3841-D628-48FB-987A-FD735B8491EF} = {FC7D3841-D628-48FB-987A-FD735B8491EF}
		{D8D93644-FD98-49D4-A9BF-0AF73B502942} = {D8D93644-FD98-49D4-A9BF-0AF73B502942}
		{946E3362-DC08-41CC-B078-3D0007E800DD} = {946E3362-DC08-41CC-B078-3D0007E800DD}
		{03580C6A-7D7C-46F9-A01B-28AAE87D335B} = {03580C6A-7D7C-46F9-A01B-28AAE87D335B}
		{67EE50B8-EE98-4DD6-A76E-105E78B4CD26} = {67EE50B8-EE98-4DD6-A76E-105E78B4CD26}
		{1B16BDBD-682B-4D47-8217-D6C2FA79B8FA} = {1B16BDBD-682B-4D47-8217-D6C2FA79B8FA}
	EndProjectSection
EndProject
Project("{F184B08F-C81C-45F6-A57F-5ABD9991F28F}") = "DllTeach", "..\..\Modules\DLL\DllTeach\DllTeach.vbproj", "{6F7143EF-CC11-4CA7-B8FB-E71B87B2FC72}"
	ProjectSection(ProjectDependencies) = postProject
		{FC7D3841-D628-48FB-987A-FD735B8491EF} = {FC7D3841-D628-48FB-987A-FD735B8491EF}
		{D8D93644-FD98-49D4-A9BF-0AF73B502942} = {D8D93644-FD98-49D4-A9BF-0AF73B502942}
		{6EA8175D-CCA6-4DC1-9F5B-920ABAFC882E} = {6EA8175D-CCA6-4DC1-9F5B-920ABAFC882E}
		{03580C6A-7D7C-46F9-A01B-28AAE87D335B} = {03580C6A-7D7C-46F9-A01B-28AAE87D335B}
		{67EE50B8-EE98-4DD6-A76E-105E78B4CD26} = {67EE50B8-EE98-4DD6-A76E-105E78B4CD26}
		{1B16BDBD-682B-4D47-8217-D6C2FA79B8FA} = {1B16BDBD-682B-4D47-8217-D6C2FA79B8FA}
		{8C1F49EB-8C4C-4465-AC11-AC833C73D4F4} = {8C1F49EB-8C4C-4465-AC11-AC833C73D4F4}
		{969D2AF0-FE64-4C38-94A5-CEEDB8635886} = {969D2AF0-FE64-4C38-94A5-CEEDB8635886}
	EndProjectSection
EndProject
Project("{FAE04EC0-301F-11D3-BF4B-00C04F79EFBC}") = "DllTkyMsgGet", "..\..\Modules\DLL\DllTkyMsgGet\DllTkyMsgGet\DllTkyMsgGet.csproj", "{168A6925-28F8-48BE-90E5-218988DA8752}"
EndProject
Project("{FAE04EC0-301F-11D3-BF4B-00C04F79EFBC}") = "DllTrimClassLibrary", "..\..\Modules\DLL\DllTrimClassLibrary\DllTrimClassLibrary\DllTrimClassLibrary.csproj", "{67EE50B8-EE98-4DD6-A76E-105E78B4CD26}"
	ProjectSection(ProjectDependencies) = postProject
		{FC7D3841-D628-48FB-987A-FD735B8491EF} = {FC7D3841-D628-48FB-987A-FD735B8491EF}
		{03580C6A-7D7C-46F9-A01B-28AAE87D335B} = {03580C6A-7D7C-46F9-A01B-28AAE87D335B}
		{1B16BDBD-682B-4D47-8217-D6C2FA79B8FA} = {1B16BDBD-682B-4D47-8217-D6C2FA79B8FA}
	EndProjectSection
EndProject
Project("{FAE04EC0-301F-11D3-BF4B-00C04F79EFBC}") = "DllTrimControlLibrary", "..\..\Modules\DLL\DllTrimControlLibrary\DllTrimControlLibrary\DllTrimControlLibrary.csproj", "{8C1F49EB-8C4C-4465-AC11-AC833C73D4F4}"
EndProject
Project("{8BC9CEB8-8B4A-11D0-8D11-00A0C91BC942}") = "DllTrimFnc", "..\..\Modules\DLL\DllTrimFunc\DllTrimFunc\DllTrimFunc.vcxproj", "{D635FB61-94C9-4CC6-B6CA-1EB45D398D8C}"
EndProject
Project("{F184B08F-C81C-45F6-A57F-5ABD9991F28F}") = "DllUtility", "..\..\Modules\DLL\DllUtility\DllUtility.vbproj", "{D8D93644-FD98-49D4-A9BF-0AF73B502942}"
EndProject
Project("{F184B08F-C81C-45F6-A57F-5ABD9991F28F}") = "DllVideo", "..\..\Modules\DLL\DllVideo\DllVideo.vbproj", "{FDD6AF75-10CB-449B-8C94-520B0DEE34E7}"
	ProjectSection(ProjectDependencies) = postProject
		{88B64B14-D4D9-4DA0-9218-9ABC7D8570A9} = {88B64B14-D4D9-4DA0-9218-9ABC7D8570A9}
		{78CBE21A-9BF5-4EB5-953F-E693A7AF7ACF} = {78CBE21A-9BF5-4EB5-953F-E693A7AF7ACF}
		{FC7D3841-D628-48FB-987A-FD735B8491EF} = {FC7D3841-D628-48FB-987A-FD735B8491EF}
		{D8D93644-FD98-49D4-A9BF-0AF73B502942} = {D8D93644-FD98-49D4-A9BF-0AF73B502942}
		{946E3362-DC08-41CC-B078-3D0007E800DD} = {946E3362-DC08-41CC-B078-3D0007E800DD}
		{03580C6A-7D7C-46F9-A01B-28AAE87D335B} = {03580C6A-7D7C-46F9-A01B-28AAE87D335B}
		{044FB4B2-44A2-4284-BB45-EECED6057B3D} = {044FB4B2-44A2-4284-BB45-EECED6057B3D}
		{67EE50B8-EE98-4DD6-A76E-105E78B4CD26} = {67EE50B8-EE98-4DD6-A76E-105E78B4CD26}
		{1B16BDBD-682B-4D47-8217-D6C2FA79B8FA} = {1B16BDBD-682B-4D47-8217-D6C2FA79B8FA}
		{8C1F49EB-8C4C-4465-AC11-AC833C73D4F4} = {8C1F49EB-8C4C-4465-AC11-AC833C73D4F4}
		{969D2AF0-FE64-4C38-94A5-CEEDB8635886} = {969D2AF0-FE64-4C38-94A5-CEEDB8635886}
	EndProjectSection
EndProject
Project("{FAE04EC0-301F-11D3-BF4B-00C04F79EFBC}") = "TrimDataEditor", "..\TrimDataEditor\TrimDataEditor\TrimDataEditor.csproj", "{48525E0B-3420-4B58-9117-C1368D864C40}"
EndProject
Project("{FAE04EC0-301F-11D3-BF4B-00C04F79EFBC}") = "TrimDataEditorEx", "..\TrimDataEditorEx\TrimDataEditorEx\TrimDataEditorEx.csproj", "{B1A14F31-2429-4786-A3C1-9932D8A95657}"
	ProjectSection(ProjectDependencies) = postProject
		{48525E0B-3420-4B58-9117-C1368D864C40} = {48525E0B-3420-4B58-9117-C1368D864C40}
		{2D71E7C5-5F0B-45E2-AE2F-94D2F760D558} = {2D71E7C5-5F0B-45E2-AE2F-94D2F760D558}
	EndProjectSection
EndProject
Project("{FAE04EC0-301F-11D3-BF4B-00C04F79EFBC}") = "DllPrintString", "..\..\Modules\DLL\DllPrintString\DllPrintString\DllPrintString.csproj", "{82AE2896-68F4-4936-95A5-D01221C7802C}"
EndProject
Global
	GlobalSection(SolutionConfigurationPlatforms) = preSolution
		Debug|Any CPU = Debug|Any CPU
		Debug|Mixed Platforms = Debug|Mixed Platforms
		Debug|Win32 = Debug|Win32
		Debug|x86 = Debug|x86
		Release|Any CPU = Release|Any CPU
		Release|Mixed Platforms = Release|Mixed Platforms
		Release|Win32 = Release|Win32
		Release|x86 = Release|x86
		RemoteDBG|Any CPU = RemoteDBG|Any CPU
		RemoteDBG|Mixed Platforms = RemoteDBG|Mixed Platforms
		RemoteDBG|Win32 = RemoteDBG|Win32
		RemoteDBG|x86 = RemoteDBG|x86
	EndGlobalSection
	GlobalSection(ProjectConfigurationPlatforms) = postSolution
		{2D71E7C5-5F0B-45E2-AE2F-94D2F760D558}.Debug|Any CPU.ActiveCfg = Debug|Any CPU
		{2D71E7C5-5F0B-45E2-AE2F-94D2F760D558}.Debug|Any CPU.Build.0 = Debug|Any CPU
		{2D71E7C5-5F0B-45E2-AE2F-94D2F760D558}.Debug|Mixed Platforms.ActiveCfg = Debug|Any CPU
		{2D71E7C5-5F0B-45E2-AE2F-94D2F760D558}.Debug|Mixed Platforms.Build.0 = Debug|Any CPU
		{2D71E7C5-5F0B-45E2-AE2F-94D2F760D558}.Debug|Win32.ActiveCfg = Debug|Any CPU
		{2D71E7C5-5F0B-45E2-AE2F-94D2F760D558}.Debug|x86.ActiveCfg = Debug|Any CPU
		{2D71E7C5-5F0B-45E2-AE2F-94D2F760D558}.Debug|x86.Build.0 = Debug|Any CPU
		{2D71E7C5-5F0B-45E2-AE2F-94D2F760D558}.Release|Any CPU.ActiveCfg = Release|Any CPU
		{2D71E7C5-5F0B-45E2-AE2F-94D2F760D558}.Release|Any CPU.Build.0 = Release|Any CPU
		{2D71E7C5-5F0B-45E2-AE2F-94D2F760D558}.Release|Mixed Platforms.ActiveCfg = Release|Any CPU
		{2D71E7C5-5F0B-45E2-AE2F-94D2F760D558}.Release|Mixed Platforms.Build.0 = Release|Any CPU
		{2D71E7C5-5F0B-45E2-AE2F-94D2F760D558}.Release|Win32.ActiveCfg = Release|Any CPU
		{2D71E7C5-5F0B-45E2-AE2F-94D2F760D558}.Release|x86.ActiveCfg = Release|Any CPU
		{2D71E7C5-5F0B-45E2-AE2F-94D2F760D558}.Release|x86.Build.0 = Release|Any CPU
		{2D71E7C5-5F0B-45E2-AE2F-94D2F760D558}.RemoteDBG|Any CPU.ActiveCfg = RemoteDBG|Any CPU
		{2D71E7C5-5F0B-45E2-AE2F-94D2F760D558}.RemoteDBG|Any CPU.Build.0 = RemoteDBG|Any CPU
		{2D71E7C5-5F0B-45E2-AE2F-94D2F760D558}.RemoteDBG|Mixed Platforms.ActiveCfg = RemoteDBG|Any CPU
		{2D71E7C5-5F0B-45E2-AE2F-94D2F760D558}.RemoteDBG|Mixed Platforms.Build.0 = RemoteDBG|Any CPU
		{2D71E7C5-5F0B-45E2-AE2F-94D2F760D558}.RemoteDBG|Win32.ActiveCfg = RemoteDBG|Any CPU
		{2D71E7C5-5F0B-45E2-AE2F-94D2F760D558}.RemoteDBG|x86.ActiveCfg = RemoteDBG|Any CPU
		{2D71E7C5-5F0B-45E2-AE2F-94D2F760D558}.RemoteDBG|x86.Build.0 = RemoteDBG|Any CPU
		{3A0868E5-D4B9-4360-B0A5-B92B33D2ABE6}.Debug|Any CPU.ActiveCfg = Debug|Any CPU
		{3A0868E5-D4B9-4360-B0A5-B92B33D2ABE6}.Debug|Any CPU.Build.0 = Debug|Any CPU
		{3A0868E5-D4B9-4360-B0A5-B92B33D2ABE6}.Debug|Mixed Platforms.ActiveCfg = Debug|Any CPU
		{3A0868E5-D4B9-4360-B0A5-B92B33D2ABE6}.Debug|Mixed Platforms.Build.0 = Debug|Any CPU
		{3A0868E5-D4B9-4360-B0A5-B92B33D2ABE6}.Debug|Win32.ActiveCfg = Debug|Any CPU
		{3A0868E5-D4B9-4360-B0A5-B92B33D2ABE6}.Debug|x86.ActiveCfg = Debug|Any CPU
		{3A0868E5-D4B9-4360-B0A5-B92B33D2ABE6}.Debug|x86.Build.0 = Debug|Any CPU
		{3A0868E5-D4B9-4360-B0A5-B92B33D2ABE6}.Release|Any CPU.ActiveCfg = Release|Any CPU
		{3A0868E5-D4B9-4360-B0A5-B92B33D2ABE6}.Release|Any CPU.Build.0 = Release|Any CPU
		{3A0868E5-D4B9-4360-B0A5-B92B33D2ABE6}.Release|Mixed Platforms.ActiveCfg = Release|Any CPU
		{3A0868E5-D4B9-4360-B0A5-B92B33D2ABE6}.Release|Mixed Platforms.Build.0 = Release|Any CPU
		{3A0868E5-D4B9-4360-B0A5-B92B33D2ABE6}.Release|Win32.ActiveCfg = Release|Any CPU
		{3A0868E5-D4B9-4360-B0A5-B92B33D2ABE6}.Release|x86.ActiveCfg = Release|Any CPU
		{3A0868E5-D4B9-4360-B0A5-B92B33D2ABE6}.Release|x86.Build.0 = Release|Any CPU
		{3A0868E5-D4B9-4360-B0A5-B92B33D2ABE6}.RemoteDBG|Any CPU.ActiveCfg = Release|Any CPU
		{3A0868E5-D4B9-4360-B0A5-B92B33D2ABE6}.RemoteDBG|Any CPU.Build.0 = Release|Any CPU
		{3A0868E5-D4B9-4360-B0A5-B92B33D2ABE6}.RemoteDBG|Mixed Platforms.ActiveCfg = Release|Any CPU
		{3A0868E5-D4B9-4360-B0A5-B92B33D2ABE6}.RemoteDBG|Mixed Platforms.Build.0 = Release|Any CPU
		{3A0868E5-D4B9-4360-B0A5-B92B33D2ABE6}.RemoteDBG|Win32.ActiveCfg = Release|Any CPU
		{3A0868E5-D4B9-4360-B0A5-B92B33D2ABE6}.RemoteDBG|x86.ActiveCfg = Release|Any CPU
		{3A0868E5-D4B9-4360-B0A5-B92B33D2ABE6}.RemoteDBG|x86.Build.0 = Release|Any CPU
		{044FB4B2-44A2-4284-BB45-EECED6057B3D}.Debug|Any CPU.ActiveCfg = Debug|Any CPU
		{044FB4B2-44A2-4284-BB45-EECED6057B3D}.Debug|Any CPU.Build.0 = Debug|Any CPU
		{044FB4B2-44A2-4284-BB45-EECED6057B3D}.Debug|Mixed Platforms.ActiveCfg = Debug|Any CPU
		{044FB4B2-44A2-4284-BB45-EECED6057B3D}.Debug|Mixed Platforms.Build.0 = Debug|Any CPU
		{044FB4B2-44A2-4284-BB45-EECED6057B3D}.Debug|Win32.ActiveCfg = Debug|Any CPU
		{044FB4B2-44A2-4284-BB45-EECED6057B3D}.Debug|x86.ActiveCfg = Debug|Any CPU
		{044FB4B2-44A2-4284-BB45-EECED6057B3D}.Debug|x86.Build.0 = Debug|Any CPU
		{044FB4B2-44A2-4284-BB45-EECED6057B3D}.Release|Any CPU.ActiveCfg = Release|Any CPU
		{044FB4B2-44A2-4284-BB45-EECED6057B3D}.Release|Any CPU.Build.0 = Release|Any CPU
		{044FB4B2-44A2-4284-BB45-EECED6057B3D}.Release|Mixed Platforms.ActiveCfg = Release|Any CPU
		{044FB4B2-44A2-4284-BB45-EECED6057B3D}.Release|Mixed Platforms.Build.0 = Release|Any CPU
		{044FB4B2-44A2-4284-BB45-EECED6057B3D}.Release|Win32.ActiveCfg = Release|Any CPU
		{044FB4B2-44A2-4284-BB45-EECED6057B3D}.Release|x86.ActiveCfg = Release|Any CPU
		{044FB4B2-44A2-4284-BB45-EECED6057B3D}.Release|x86.Build.0 = Release|Any CPU
		{044FB4B2-44A2-4284-BB45-EECED6057B3D}.RemoteDBG|Any CPU.ActiveCfg = Release|Any CPU
		{044FB4B2-44A2-4284-BB45-EECED6057B3D}.RemoteDBG|Any CPU.Build.0 = Release|Any CPU
		{044FB4B2-44A2-4284-BB45-EECED6057B3D}.RemoteDBG|Mixed Platforms.ActiveCfg = Release|Any CPU
		{044FB4B2-44A2-4284-BB45-EECED6057B3D}.RemoteDBG|Mixed Platforms.Build.0 = Release|Any CPU
		{044FB4B2-44A2-4284-BB45-EECED6057B3D}.RemoteDBG|Win32.ActiveCfg = Release|Any CPU
		{044FB4B2-44A2-4284-BB45-EECED6057B3D}.RemoteDBG|x86.ActiveCfg = Release|Any CPU
		{044FB4B2-44A2-4284-BB45-EECED6057B3D}.RemoteDBG|x86.Build.0 = Release|Any CPU
		{FC7D3841-D628-48FB-987A-FD735B8491EF}.Debug|Any CPU.ActiveCfg = Debug|Any CPU
		{FC7D3841-D628-48FB-987A-FD735B8491EF}.Debug|Any CPU.Build.0 = Debug|Any CPU
		{FC7D3841-D628-48FB-987A-FD735B8491EF}.Debug|Mixed Platforms.ActiveCfg = Debug|Any CPU
		{FC7D3841-D628-48FB-987A-FD735B8491EF}.Debug|Mixed Platforms.Build.0 = Debug|Any CPU
		{FC7D3841-D628-48FB-987A-FD735B8491EF}.Debug|Win32.ActiveCfg = Debug|Any CPU
		{FC7D3841-D628-48FB-987A-FD735B8491EF}.Debug|x86.ActiveCfg = Debug|Any CPU
		{FC7D3841-D628-48FB-987A-FD735B8491EF}.Debug|x86.Build.0 = Debug|Any CPU
		{FC7D3841-D628-48FB-987A-FD735B8491EF}.Release|Any CPU.ActiveCfg = Release|Any CPU
		{FC7D3841-D628-48FB-987A-FD735B8491EF}.Release|Any CPU.Build.0 = Release|Any CPU
		{FC7D3841-D628-48FB-987A-FD735B8491EF}.Release|Mixed Platforms.ActiveCfg = Release|Any CPU
		{FC7D3841-D628-48FB-987A-FD735B8491EF}.Release|Mixed Platforms.Build.0 = Release|Any CPU
		{FC7D3841-D628-48FB-987A-FD735B8491EF}.Release|Win32.ActiveCfg = Release|Any CPU
		{FC7D3841-D628-48FB-987A-FD735B8491EF}.Release|x86.ActiveCfg = Release|Any CPU
		{FC7D3841-D628-48FB-987A-FD735B8491EF}.Release|x86.Build.0 = Release|Any CPU
		{FC7D3841-D628-48FB-987A-FD735B8491EF}.RemoteDBG|Any CPU.ActiveCfg = Release|Any CPU
		{FC7D3841-D628-48FB-987A-FD735B8491EF}.RemoteDBG|Any CPU.Build.0 = Release|Any CPU
		{FC7D3841-D628-48FB-987A-FD735B8491EF}.RemoteDBG|Mixed Platforms.ActiveCfg = Release|Any CPU
		{FC7D3841-D628-48FB-987A-FD735B8491EF}.RemoteDBG|Mixed Platforms.Build.0 = Release|Any CPU
		{FC7D3841-D628-48FB-987A-FD735B8491EF}.RemoteDBG|Win32.ActiveCfg = Release|Any CPU
		{FC7D3841-D628-48FB-987A-FD735B8491EF}.RemoteDBG|x86.ActiveCfg = Release|Any CPU
		{FC7D3841-D628-48FB-987A-FD735B8491EF}.RemoteDBG|x86.Build.0 = Release|Any CPU
		{03580C6A-7D7C-46F9-A01B-28AAE87D335B}.Debug|Any CPU.ActiveCfg = Debug|Any CPU
		{03580C6A-7D7C-46F9-A01B-28AAE87D335B}.Debug|Any CPU.Build.0 = Debug|Any CPU
		{03580C6A-7D7C-46F9-A01B-28AAE87D335B}.Debug|Mixed Platforms.ActiveCfg = Debug|Any CPU
		{03580C6A-7D7C-46F9-A01B-28AAE87D335B}.Debug|Mixed Platforms.Build.0 = Debug|Any CPU
		{03580C6A-7D7C-46F9-A01B-28AAE87D335B}.Debug|Win32.ActiveCfg = Debug|Any CPU
		{03580C6A-7D7C-46F9-A01B-28AAE87D335B}.Debug|x86.ActiveCfg = Debug|Any CPU
		{03580C6A-7D7C-46F9-A01B-28AAE87D335B}.Debug|x86.Build.0 = Debug|Any CPU
		{03580C6A-7D7C-46F9-A01B-28AAE87D335B}.Release|Any CPU.ActiveCfg = Release|Any CPU
		{03580C6A-7D7C-46F9-A01B-28AAE87D335B}.Release|Any CPU.Build.0 = Release|Any CPU
		{03580C6A-7D7C-46F9-A01B-28AAE87D335B}.Release|Mixed Platforms.ActiveCfg = Release|Any CPU
		{03580C6A-7D7C-46F9-A01B-28AAE87D335B}.Release|Mixed Platforms.Build.0 = Release|Any CPU
		{03580C6A-7D7C-46F9-A01B-28AAE87D335B}.Release|Win32.ActiveCfg = Release|Any CPU
		{03580C6A-7D7C-46F9-A01B-28AAE87D335B}.Release|x86.ActiveCfg = Release|Any CPU
		{03580C6A-7D7C-46F9-A01B-28AAE87D335B}.Release|x86.Build.0 = Release|Any CPU
		{03580C6A-7D7C-46F9-A01B-28AAE87D335B}.RemoteDBG|Any CPU.ActiveCfg = Release|Any CPU
		{03580C6A-7D7C-46F9-A01B-28AAE87D335B}.RemoteDBG|Any CPU.Build.0 = Release|Any CPU
		{03580C6A-7D7C-46F9-A01B-28AAE87D335B}.RemoteDBG|Mixed Platforms.ActiveCfg = Release|Any CPU
		{03580C6A-7D7C-46F9-A01B-28AAE87D335B}.RemoteDBG|Mixed Platforms.Build.0 = Release|Any CPU
		{03580C6A-7D7C-46F9-A01B-28AAE87D335B}.RemoteDBG|Win32.ActiveCfg = Release|Any CPU
		{03580C6A-7D7C-46F9-A01B-28AAE87D335B}.RemoteDBG|x86.ActiveCfg = Release|Any CPU
		{03580C6A-7D7C-46F9-A01B-28AAE87D335B}.RemoteDBG|x86.Build.0 = Release|Any CPU
		{E7EB2178-0942-4765-86F9-92082E6007BB}.Debug|Any CPU.ActiveCfg = Debug|Any CPU
		{E7EB2178-0942-4765-86F9-92082E6007BB}.Debug|Any CPU.Build.0 = Debug|Any CPU
		{E7EB2178-0942-4765-86F9-92082E6007BB}.Debug|Mixed Platforms.ActiveCfg = Debug|Any CPU
		{E7EB2178-0942-4765-86F9-92082E6007BB}.Debug|Mixed Platforms.Build.0 = Debug|Any CPU
		{E7EB2178-0942-4765-86F9-92082E6007BB}.Debug|Win32.ActiveCfg = Debug|Any CPU
		{E7EB2178-0942-4765-86F9-92082E6007BB}.Debug|x86.ActiveCfg = Debug|Any CPU
		{E7EB2178-0942-4765-86F9-92082E6007BB}.Debug|x86.Build.0 = Debug|Any CPU
		{E7EB2178-0942-4765-86F9-92082E6007BB}.Release|Any CPU.ActiveCfg = Release|Any CPU
		{E7EB2178-0942-4765-86F9-92082E6007BB}.Release|Any CPU.Build.0 = Release|Any CPU
		{E7EB2178-0942-4765-86F9-92082E6007BB}.Release|Mixed Platforms.ActiveCfg = Release|Any CPU
		{E7EB2178-0942-4765-86F9-92082E6007BB}.Release|Mixed Platforms.Build.0 = Release|Any CPU
		{E7EB2178-0942-4765-86F9-92082E6007BB}.Release|Win32.ActiveCfg = Release|Any CPU
		{E7EB2178-0942-4765-86F9-92082E6007BB}.Release|x86.ActiveCfg = Release|Any CPU
		{E7EB2178-0942-4765-86F9-92082E6007BB}.Release|x86.Build.0 = Release|Any CPU
		{E7EB2178-0942-4765-86F9-92082E6007BB}.RemoteDBG|Any CPU.ActiveCfg = Release|Any CPU
		{E7EB2178-0942-4765-86F9-92082E6007BB}.RemoteDBG|Any CPU.Build.0 = Release|Any CPU
		{E7EB2178-0942-4765-86F9-92082E6007BB}.RemoteDBG|Mixed Platforms.ActiveCfg = Release|Any CPU
		{E7EB2178-0942-4765-86F9-92082E6007BB}.RemoteDBG|Mixed Platforms.Build.0 = Release|Any CPU
		{E7EB2178-0942-4765-86F9-92082E6007BB}.RemoteDBG|Win32.ActiveCfg = Release|Any CPU
		{E7EB2178-0942-4765-86F9-92082E6007BB}.RemoteDBG|x86.ActiveCfg = Release|Any CPU
		{E7EB2178-0942-4765-86F9-92082E6007BB}.RemoteDBG|x86.Build.0 = Release|Any CPU
		{88B64B14-D4D9-4DA0-9218-9ABC7D8570A9}.Debug|Any CPU.ActiveCfg = Debug|Any CPU
		{88B64B14-D4D9-4DA0-9218-9ABC7D8570A9}.Debug|Any CPU.Build.0 = Debug|Any CPU
		{88B64B14-D4D9-4DA0-9218-9ABC7D8570A9}.Debug|Mixed Platforms.ActiveCfg = Debug|Any CPU
		{88B64B14-D4D9-4DA0-9218-9ABC7D8570A9}.Debug|Mixed Platforms.Build.0 = Debug|Any CPU
		{88B64B14-D4D9-4DA0-9218-9ABC7D8570A9}.Debug|Win32.ActiveCfg = Debug|Any CPU
		{88B64B14-D4D9-4DA0-9218-9ABC7D8570A9}.Debug|x86.ActiveCfg = Debug|Any CPU
		{88B64B14-D4D9-4DA0-9218-9ABC7D8570A9}.Debug|x86.Build.0 = Debug|Any CPU
		{88B64B14-D4D9-4DA0-9218-9ABC7D8570A9}.Release|Any CPU.ActiveCfg = Release|Any CPU
		{88B64B14-D4D9-4DA0-9218-9ABC7D8570A9}.Release|Any CPU.Build.0 = Release|Any CPU
		{88B64B14-D4D9-4DA0-9218-9ABC7D8570A9}.Release|Mixed Platforms.ActiveCfg = Release|Any CPU
		{88B64B14-D4D9-4DA0-9218-9ABC7D8570A9}.Release|Mixed Platforms.Build.0 = Release|Any CPU
		{88B64B14-D4D9-4DA0-9218-9ABC7D8570A9}.Release|Win32.ActiveCfg = Release|Any CPU
		{88B64B14-D4D9-4DA0-9218-9ABC7D8570A9}.Release|x86.ActiveCfg = Release|Any CPU
		{88B64B14-D4D9-4DA0-9218-9ABC7D8570A9}.Release|x86.Build.0 = Release|Any CPU
		{88B64B14-D4D9-4DA0-9218-9ABC7D8570A9}.RemoteDBG|Any CPU.ActiveCfg = Release|Any CPU
		{88B64B14-D4D9-4DA0-9218-9ABC7D8570A9}.RemoteDBG|Any CPU.Build.0 = Release|Any CPU
		{88B64B14-D4D9-4DA0-9218-9ABC7D8570A9}.RemoteDBG|Mixed Platforms.ActiveCfg = Release|Any CPU
		{88B64B14-D4D9-4DA0-9218-9ABC7D8570A9}.RemoteDBG|Mixed Platforms.Build.0 = Release|Any CPU
		{88B64B14-D4D9-4DA0-9218-9ABC7D8570A9}.RemoteDBG|Win32.ActiveCfg = Release|Any CPU
		{88B64B14-D4D9-4DA0-9218-9ABC7D8570A9}.RemoteDBG|x86.ActiveCfg = Release|Any CPU
		{88B64B14-D4D9-4DA0-9218-9ABC7D8570A9}.RemoteDBG|x86.Build.0 = Release|Any CPU
		{946E3362-DC08-41CC-B078-3D0007E800DD}.Debug|Any CPU.ActiveCfg = Debug|Any CPU
		{946E3362-DC08-41CC-B078-3D0007E800DD}.Debug|Any CPU.Build.0 = Debug|Any CPU
		{946E3362-DC08-41CC-B078-3D0007E800DD}.Debug|Mixed Platforms.ActiveCfg = Debug|Any CPU
		{946E3362-DC08-41CC-B078-3D0007E800DD}.Debug|Mixed Platforms.Build.0 = Debug|Any CPU
		{946E3362-DC08-41CC-B078-3D0007E800DD}.Debug|Win32.ActiveCfg = Debug|Any CPU
		{946E3362-DC08-41CC-B078-3D0007E800DD}.Debug|x86.ActiveCfg = Debug|Any CPU
		{946E3362-DC08-41CC-B078-3D0007E800DD}.Debug|x86.Build.0 = Debug|Any CPU
		{946E3362-DC08-41CC-B078-3D0007E800DD}.Release|Any CPU.ActiveCfg = Release|Any CPU
		{946E3362-DC08-41CC-B078-3D0007E800DD}.Release|Any CPU.Build.0 = Release|Any CPU
		{946E3362-DC08-41CC-B078-3D0007E800DD}.Release|Mixed Platforms.ActiveCfg = Release|Any CPU
		{946E3362-DC08-41CC-B078-3D0007E800DD}.Release|Mixed Platforms.Build.0 = Release|Any CPU
		{946E3362-DC08-41CC-B078-3D0007E800DD}.Release|Win32.ActiveCfg = Release|Any CPU
		{946E3362-DC08-41CC-B078-3D0007E800DD}.Release|x86.ActiveCfg = Release|Any CPU
		{946E3362-DC08-41CC-B078-3D0007E800DD}.Release|x86.Build.0 = Release|Any CPU
		{946E3362-DC08-41CC-B078-3D0007E800DD}.RemoteDBG|Any CPU.ActiveCfg = Release|Any CPU
		{946E3362-DC08-41CC-B078-3D0007E800DD}.RemoteDBG|Any CPU.Build.0 = Release|Any CPU
		{946E3362-DC08-41CC-B078-3D0007E800DD}.RemoteDBG|Mixed Platforms.ActiveCfg = Release|Any CPU
		{946E3362-DC08-41CC-B078-3D0007E800DD}.RemoteDBG|Mixed Platforms.Build.0 = Release|Any CPU
		{946E3362-DC08-41CC-B078-3D0007E800DD}.RemoteDBG|Win32.ActiveCfg = Release|Any CPU
		{946E3362-DC08-41CC-B078-3D0007E800DD}.RemoteDBG|x86.ActiveCfg = Release|Any CPU
		{946E3362-DC08-41CC-B078-3D0007E800DD}.RemoteDBG|x86.Build.0 = Release|Any CPU
		{A7B6B2D7-CDBC-49ED-A735-BB4C29C7A619}.Debug|Any CPU.ActiveCfg = Debug|Any CPU
		{A7B6B2D7-CDBC-49ED-A735-BB4C29C7A619}.Debug|Any CPU.Build.0 = Debug|Any CPU
		{A7B6B2D7-CDBC-49ED-A735-BB4C29C7A619}.Debug|Mixed Platforms.ActiveCfg = Debug|Any CPU
		{A7B6B2D7-CDBC-49ED-A735-BB4C29C7A619}.Debug|Mixed Platforms.Build.0 = Debug|Any CPU
		{A7B6B2D7-CDBC-49ED-A735-BB4C29C7A619}.Debug|Win32.ActiveCfg = Debug|Any CPU
		{A7B6B2D7-CDBC-49ED-A735-BB4C29C7A619}.Debug|x86.ActiveCfg = Debug|Any CPU
		{A7B6B2D7-CDBC-49ED-A735-BB4C29C7A619}.Debug|x86.Build.0 = Debug|Any CPU
		{A7B6B2D7-CDBC-49ED-A735-BB4C29C7A619}.Release|Any CPU.ActiveCfg = Release|Any CPU
		{A7B6B2D7-CDBC-49ED-A735-BB4C29C7A619}.Release|Any CPU.Build.0 = Release|Any CPU
		{A7B6B2D7-CDBC-49ED-A735-BB4C29C7A619}.Release|Mixed Platforms.ActiveCfg = Release|Any CPU
		{A7B6B2D7-CDBC-49ED-A735-BB4C29C7A619}.Release|Mixed Platforms.Build.0 = Release|Any CPU
		{A7B6B2D7-CDBC-49ED-A735-BB4C29C7A619}.Release|Win32.ActiveCfg = Release|Any CPU
		{A7B6B2D7-CDBC-49ED-A735-BB4C29C7A619}.Release|x86.ActiveCfg = Release|Any CPU
		{A7B6B2D7-CDBC-49ED-A735-BB4C29C7A619}.Release|x86.Build.0 = Release|Any CPU
		{A7B6B2D7-CDBC-49ED-A735-BB4C29C7A619}.RemoteDBG|Any CPU.ActiveCfg = Release|Any CPU
		{A7B6B2D7-CDBC-49ED-A735-BB4C29C7A619}.RemoteDBG|Any CPU.Build.0 = Release|Any CPU
		{A7B6B2D7-CDBC-49ED-A735-BB4C29C7A619}.RemoteDBG|Mixed Platforms.ActiveCfg = Release|Any CPU
		{A7B6B2D7-CDBC-49ED-A735-BB4C29C7A619}.RemoteDBG|Mixed Platforms.Build.0 = Release|Any CPU
		{A7B6B2D7-CDBC-49ED-A735-BB4C29C7A619}.RemoteDBG|Win32.ActiveCfg = Release|Any CPU
		{A7B6B2D7-CDBC-49ED-A735-BB4C29C7A619}.RemoteDBG|x86.ActiveCfg = Release|Any CPU
		{A7B6B2D7-CDBC-49ED-A735-BB4C29C7A619}.RemoteDBG|x86.Build.0 = Release|Any CPU
		{6EA8175D-CCA6-4DC1-9F5B-920ABAFC882E}.Debug|Any CPU.ActiveCfg = Debug|Any CPU
		{6EA8175D-CCA6-4DC1-9F5B-920ABAFC882E}.Debug|Any CPU.Build.0 = Debug|Any CPU
		{6EA8175D-CCA6-4DC1-9F5B-920ABAFC882E}.Debug|Mixed Platforms.ActiveCfg = Debug|Any CPU
		{6EA8175D-CCA6-4DC1-9F5B-920ABAFC882E}.Debug|Mixed Platforms.Build.0 = Debug|Any CPU
		{6EA8175D-CCA6-4DC1-9F5B-920ABAFC882E}.Debug|Win32.ActiveCfg = Debug|Any CPU
		{6EA8175D-CCA6-4DC1-9F5B-920ABAFC882E}.Debug|x86.ActiveCfg = Debug|Any CPU
		{6EA8175D-CCA6-4DC1-9F5B-920ABAFC882E}.Debug|x86.Build.0 = Debug|Any CPU
		{6EA8175D-CCA6-4DC1-9F5B-920ABAFC882E}.Release|Any CPU.ActiveCfg = Release|Any CPU
		{6EA8175D-CCA6-4DC1-9F5B-920ABAFC882E}.Release|Any CPU.Build.0 = Release|Any CPU
		{6EA8175D-CCA6-4DC1-9F5B-920ABAFC882E}.Release|Mixed Platforms.ActiveCfg = Release|Any CPU
		{6EA8175D-CCA6-4DC1-9F5B-920ABAFC882E}.Release|Mixed Platforms.Build.0 = Release|Any CPU
		{6EA8175D-CCA6-4DC1-9F5B-920ABAFC882E}.Release|Win32.ActiveCfg = Release|Any CPU
		{6EA8175D-CCA6-4DC1-9F5B-920ABAFC882E}.Release|x86.ActiveCfg = Release|Any CPU
		{6EA8175D-CCA6-4DC1-9F5B-920ABAFC882E}.Release|x86.Build.0 = Release|Any CPU
		{6EA8175D-CCA6-4DC1-9F5B-920ABAFC882E}.RemoteDBG|Any CPU.ActiveCfg = Release|Any CPU
		{6EA8175D-CCA6-4DC1-9F5B-920ABAFC882E}.RemoteDBG|Any CPU.Build.0 = Release|Any CPU
		{6EA8175D-CCA6-4DC1-9F5B-920ABAFC882E}.RemoteDBG|Mixed Platforms.ActiveCfg = Release|Any CPU
		{6EA8175D-CCA6-4DC1-9F5B-920ABAFC882E}.RemoteDBG|Mixed Platforms.Build.0 = Release|Any CPU
		{6EA8175D-CCA6-4DC1-9F5B-920ABAFC882E}.RemoteDBG|Win32.ActiveCfg = Release|Any CPU
		{6EA8175D-CCA6-4DC1-9F5B-920ABAFC882E}.RemoteDBG|x86.ActiveCfg = Release|Any CPU
		{6EA8175D-CCA6-4DC1-9F5B-920ABAFC882E}.RemoteDBG|x86.Build.0 = Release|Any CPU
		{409E738F-FC00-4587-8637-0830F12BD0D8}.Debug|Any CPU.ActiveCfg = Debug|Any CPU
		{409E738F-FC00-4587-8637-0830F12BD0D8}.Debug|Any CPU.Build.0 = Debug|Any CPU
		{409E738F-FC00-4587-8637-0830F12BD0D8}.Debug|Mixed Platforms.ActiveCfg = Debug|Any CPU
		{409E738F-FC00-4587-8637-0830F12BD0D8}.Debug|Mixed Platforms.Build.0 = Debug|Any CPU
		{409E738F-FC00-4587-8637-0830F12BD0D8}.Debug|Win32.ActiveCfg = Debug|Any CPU
		{409E738F-FC00-4587-8637-0830F12BD0D8}.Debug|x86.ActiveCfg = Debug|Any CPU
		{409E738F-FC00-4587-8637-0830F12BD0D8}.Debug|x86.Build.0 = Debug|Any CPU
		{409E738F-FC00-4587-8637-0830F12BD0D8}.Release|Any CPU.ActiveCfg = Release|Any CPU
		{409E738F-FC00-4587-8637-0830F12BD0D8}.Release|Any CPU.Build.0 = Release|Any CPU
		{409E738F-FC00-4587-8637-0830F12BD0D8}.Release|Mixed Platforms.ActiveCfg = Release|Any CPU
		{409E738F-FC00-4587-8637-0830F12BD0D8}.Release|Mixed Platforms.Build.0 = Release|Any CPU
		{409E738F-FC00-4587-8637-0830F12BD0D8}.Release|Win32.ActiveCfg = Release|Any CPU
		{409E738F-FC00-4587-8637-0830F12BD0D8}.Release|x86.ActiveCfg = Release|Any CPU
		{409E738F-FC00-4587-8637-0830F12BD0D8}.Release|x86.Build.0 = Release|Any CPU
		{409E738F-FC00-4587-8637-0830F12BD0D8}.RemoteDBG|Any CPU.ActiveCfg = Release|Any CPU
		{409E738F-FC00-4587-8637-0830F12BD0D8}.RemoteDBG|Any CPU.Build.0 = Release|Any CPU
		{409E738F-FC00-4587-8637-0830F12BD0D8}.RemoteDBG|Mixed Platforms.ActiveCfg = Release|Any CPU
		{409E738F-FC00-4587-8637-0830F12BD0D8}.RemoteDBG|Mixed Platforms.Build.0 = Release|Any CPU
		{409E738F-FC00-4587-8637-0830F12BD0D8}.RemoteDBG|Win32.ActiveCfg = Release|Any CPU
		{409E738F-FC00-4587-8637-0830F12BD0D8}.RemoteDBG|x86.ActiveCfg = Release|Any CPU
		{409E738F-FC00-4587-8637-0830F12BD0D8}.RemoteDBG|x86.Build.0 = Release|Any CPU
		{2230BFE4-1D07-48BA-8977-527DA3C8FD38}.Debug|Any CPU.ActiveCfg = Debug|Any CPU
		{2230BFE4-1D07-48BA-8977-527DA3C8FD38}.Debug|Any CPU.Build.0 = Debug|Any CPU
		{2230BFE4-1D07-48BA-8977-527DA3C8FD38}.Debug|Mixed Platforms.ActiveCfg = Debug|Any CPU
		{2230BFE4-1D07-48BA-8977-527DA3C8FD38}.Debug|Mixed Platforms.Build.0 = Debug|Any CPU
		{2230BFE4-1D07-48BA-8977-527DA3C8FD38}.Debug|Win32.ActiveCfg = Debug|Any CPU
		{2230BFE4-1D07-48BA-8977-527DA3C8FD38}.Debug|x86.ActiveCfg = Debug|Any CPU
		{2230BFE4-1D07-48BA-8977-527DA3C8FD38}.Debug|x86.Build.0 = Debug|Any CPU
		{2230BFE4-1D07-48BA-8977-527DA3C8FD38}.Release|Any CPU.ActiveCfg = Release|Any CPU
		{2230BFE4-1D07-48BA-8977-527DA3C8FD38}.Release|Any CPU.Build.0 = Release|Any CPU
		{2230BFE4-1D07-48BA-8977-527DA3C8FD38}.Release|Mixed Platforms.ActiveCfg = Release|Any CPU
		{2230BFE4-1D07-48BA-8977-527DA3C8FD38}.Release|Mixed Platforms.Build.0 = Release|Any CPU
		{2230BFE4-1D07-48BA-8977-527DA3C8FD38}.Release|Win32.ActiveCfg = Release|Any CPU
		{2230BFE4-1D07-48BA-8977-527DA3C8FD38}.Release|x86.ActiveCfg = Release|Any CPU
		{2230BFE4-1D07-48BA-8977-527DA3C8FD38}.Release|x86.Build.0 = Release|Any CPU
		{2230BFE4-1D07-48BA-8977-527DA3C8FD38}.RemoteDBG|Any CPU.ActiveCfg = Release|Any CPU
		{2230BFE4-1D07-48BA-8977-527DA3C8FD38}.RemoteDBG|Any CPU.Build.0 = Release|Any CPU
		{2230BFE4-1D07-48BA-8977-527DA3C8FD38}.RemoteDBG|Mixed Platforms.ActiveCfg = Release|Any CPU
		{2230BFE4-1D07-48BA-8977-527DA3C8FD38}.RemoteDBG|Mixed Platforms.Build.0 = Release|Any CPU
		{2230BFE4-1D07-48BA-8977-527DA3C8FD38}.RemoteDBG|Win32.ActiveCfg = Release|Any CPU
		{2230BFE4-1D07-48BA-8977-527DA3C8FD38}.RemoteDBG|x86.ActiveCfg = Release|Any CPU
		{2230BFE4-1D07-48BA-8977-527DA3C8FD38}.RemoteDBG|x86.Build.0 = Release|Any CPU
		{63EEE325-EB04-4474-9DD4-A3204B495785}.Debug|Any CPU.ActiveCfg = Debug|Any CPU
		{63EEE325-EB04-4474-9DD4-A3204B495785}.Debug|Any CPU.Build.0 = Debug|Any CPU
		{63EEE325-EB04-4474-9DD4-A3204B495785}.Debug|Mixed Platforms.ActiveCfg = Debug|Any CPU
		{63EEE325-EB04-4474-9DD4-A3204B495785}.Debug|Mixed Platforms.Build.0 = Debug|Any CPU
		{63EEE325-EB04-4474-9DD4-A3204B495785}.Debug|Win32.ActiveCfg = Debug|Any CPU
		{63EEE325-EB04-4474-9DD4-A3204B495785}.Debug|x86.ActiveCfg = Debug|Any CPU
		{63EEE325-EB04-4474-9DD4-A3204B495785}.Debug|x86.Build.0 = Debug|Any CPU
		{63EEE325-EB04-4474-9DD4-A3204B495785}.Release|Any CPU.ActiveCfg = Release|Any CPU
		{63EEE325-EB04-4474-9DD4-A3204B495785}.Release|Any CPU.Build.0 = Release|Any CPU
		{63EEE325-EB04-4474-9DD4-A3204B495785}.Release|Mixed Platforms.ActiveCfg = Release|Any CPU
		{63EEE325-EB04-4474-9DD4-A3204B495785}.Release|Mixed Platforms.Build.0 = Release|Any CPU
		{63EEE325-EB04-4474-9DD4-A3204B495785}.Release|Win32.ActiveCfg = Release|Any CPU
		{63EEE325-EB04-4474-9DD4-A3204B495785}.Release|x86.ActiveCfg = Release|Any CPU
		{63EEE325-EB04-4474-9DD4-A3204B495785}.Release|x86.Build.0 = Release|Any CPU
		{63EEE325-EB04-4474-9DD4-A3204B495785}.RemoteDBG|Any CPU.ActiveCfg = Release|Any CPU
		{63EEE325-EB04-4474-9DD4-A3204B495785}.RemoteDBG|Any CPU.Build.0 = Release|Any CPU
		{63EEE325-EB04-4474-9DD4-A3204B495785}.RemoteDBG|Mixed Platforms.ActiveCfg = Release|Any CPU
		{63EEE325-EB04-4474-9DD4-A3204B495785}.RemoteDBG|Mixed Platforms.Build.0 = Release|Any CPU
		{63EEE325-EB04-4474-9DD4-A3204B495785}.RemoteDBG|Win32.ActiveCfg = Release|Any CPU
		{63EEE325-EB04-4474-9DD4-A3204B495785}.RemoteDBG|x86.ActiveCfg = Release|Any CPU
		{63EEE325-EB04-4474-9DD4-A3204B495785}.RemoteDBG|x86.Build.0 = Release|Any CPU
		{423A34F2-46D6-455A-ADC1-72D383EE6B38}.Debug|Any CPU.ActiveCfg = Debug|Any CPU
		{423A34F2-46D6-455A-ADC1-72D383EE6B38}.Debug|Any CPU.Build.0 = Debug|Any CPU
		{423A34F2-46D6-455A-ADC1-72D383EE6B38}.Debug|Mixed Platforms.ActiveCfg = Debug|Any CPU
		{423A34F2-46D6-455A-ADC1-72D383EE6B38}.Debug|Mixed Platforms.Build.0 = Debug|Any CPU
		{423A34F2-46D6-455A-ADC1-72D383EE6B38}.Debug|Win32.ActiveCfg = Debug|Any CPU
		{423A34F2-46D6-455A-ADC1-72D383EE6B38}.Debug|x86.ActiveCfg = Debug|Any CPU
		{423A34F2-46D6-455A-ADC1-72D383EE6B38}.Debug|x86.Build.0 = Debug|Any CPU
		{423A34F2-46D6-455A-ADC1-72D383EE6B38}.Release|Any CPU.ActiveCfg = Release|Any CPU
		{423A34F2-46D6-455A-ADC1-72D383EE6B38}.Release|Any CPU.Build.0 = Release|Any CPU
		{423A34F2-46D6-455A-ADC1-72D383EE6B38}.Release|Mixed Platforms.ActiveCfg = Release|Any CPU
		{423A34F2-46D6-455A-ADC1-72D383EE6B38}.Release|Mixed Platforms.Build.0 = Release|Any CPU
		{423A34F2-46D6-455A-ADC1-72D383EE6B38}.Release|Win32.ActiveCfg = Release|Any CPU
		{423A34F2-46D6-455A-ADC1-72D383EE6B38}.Release|x86.ActiveCfg = Release|Any CPU
		{423A34F2-46D6-455A-ADC1-72D383EE6B38}.Release|x86.Build.0 = Release|Any CPU
		{423A34F2-46D6-455A-ADC1-72D383EE6B38}.RemoteDBG|Any CPU.ActiveCfg = Release|Any CPU
		{423A34F2-46D6-455A-ADC1-72D383EE6B38}.RemoteDBG|Any CPU.Build.0 = Release|Any CPU
		{423A34F2-46D6-455A-ADC1-72D383EE6B38}.RemoteDBG|Mixed Platforms.ActiveCfg = Release|Any CPU
		{423A34F2-46D6-455A-ADC1-72D383EE6B38}.RemoteDBG|Mixed Platforms.Build.0 = Release|Any CPU
		{423A34F2-46D6-455A-ADC1-72D383EE6B38}.RemoteDBG|Win32.ActiveCfg = Release|Any CPU
		{423A34F2-46D6-455A-ADC1-72D383EE6B38}.RemoteDBG|x86.ActiveCfg = Release|Any CPU
		{423A34F2-46D6-455A-ADC1-72D383EE6B38}.RemoteDBG|x86.Build.0 = Release|Any CPU
		{E4C778FE-92AB-4E3E-859C-59DC0591D2C3}.Debug|Any CPU.ActiveCfg = Debug|Any CPU
		{E4C778FE-92AB-4E3E-859C-59DC0591D2C3}.Debug|Any CPU.Build.0 = Debug|Any CPU
		{E4C778FE-92AB-4E3E-859C-59DC0591D2C3}.Debug|Mixed Platforms.ActiveCfg = Debug|Any CPU
		{E4C778FE-92AB-4E3E-859C-59DC0591D2C3}.Debug|Mixed Platforms.Build.0 = Debug|Any CPU
		{E4C778FE-92AB-4E3E-859C-59DC0591D2C3}.Debug|Win32.ActiveCfg = Debug|Any CPU
		{E4C778FE-92AB-4E3E-859C-59DC0591D2C3}.Debug|x86.ActiveCfg = Debug|Any CPU
		{E4C778FE-92AB-4E3E-859C-59DC0591D2C3}.Debug|x86.Build.0 = Debug|Any CPU
		{E4C778FE-92AB-4E3E-859C-59DC0591D2C3}.Release|Any CPU.ActiveCfg = Release|Any CPU
		{E4C778FE-92AB-4E3E-859C-59DC0591D2C3}.Release|Any CPU.Build.0 = Release|Any CPU
		{E4C778FE-92AB-4E3E-859C-59DC0591D2C3}.Release|Mixed Platforms.ActiveCfg = Release|Any CPU
		{E4C778FE-92AB-4E3E-859C-59DC0591D2C3}.Release|Mixed Platforms.Build.0 = Release|Any CPU
		{E4C778FE-92AB-4E3E-859C-59DC0591D2C3}.Release|Win32.ActiveCfg = Release|Any CPU
		{E4C778FE-92AB-4E3E-859C-59DC0591D2C3}.Release|x86.ActiveCfg = Release|Any CPU
		{E4C778FE-92AB-4E3E-859C-59DC0591D2C3}.Release|x86.Build.0 = Release|Any CPU
		{E4C778FE-92AB-4E3E-859C-59DC0591D2C3}.RemoteDBG|Any CPU.ActiveCfg = Release|Any CPU
		{E4C778FE-92AB-4E3E-859C-59DC0591D2C3}.RemoteDBG|Any CPU.Build.0 = Release|Any CPU
		{E4C778FE-92AB-4E3E-859C-59DC0591D2C3}.RemoteDBG|Mixed Platforms.ActiveCfg = Release|Any CPU
		{E4C778FE-92AB-4E3E-859C-59DC0591D2C3}.RemoteDBG|Mixed Platforms.Build.0 = Release|Any CPU
		{E4C778FE-92AB-4E3E-859C-59DC0591D2C3}.RemoteDBG|Win32.ActiveCfg = Release|Any CPU
		{E4C778FE-92AB-4E3E-859C-59DC0591D2C3}.RemoteDBG|x86.ActiveCfg = Release|Any CPU
		{E4C778FE-92AB-4E3E-859C-59DC0591D2C3}.RemoteDBG|x86.Build.0 = Release|Any CPU
		{A6DEA78B-21DA-406A-A1E4-AAC7622FEAC1}.Debug|Any CPU.ActiveCfg = Debug|Any CPU
		{A6DEA78B-21DA-406A-A1E4-AAC7622FEAC1}.Debug|Any CPU.Build.0 = Debug|Any CPU
		{A6DEA78B-21DA-406A-A1E4-AAC7622FEAC1}.Debug|Mixed Platforms.ActiveCfg = Debug|Any CPU
		{A6DEA78B-21DA-406A-A1E4-AAC7622FEAC1}.Debug|Mixed Platforms.Build.0 = Debug|Any CPU
		{A6DEA78B-21DA-406A-A1E4-AAC7622FEAC1}.Debug|Win32.ActiveCfg = Debug|Any CPU
		{A6DEA78B-21DA-406A-A1E4-AAC7622FEAC1}.Debug|x86.ActiveCfg = Debug|Any CPU
		{A6DEA78B-21DA-406A-A1E4-AAC7622FEAC1}.Debug|x86.Build.0 = Debug|Any CPU
		{A6DEA78B-21DA-406A-A1E4-AAC7622FEAC1}.Release|Any CPU.ActiveCfg = Release|Any CPU
		{A6DEA78B-21DA-406A-A1E4-AAC7622FEAC1}.Release|Any CPU.Build.0 = Release|Any CPU
		{A6DEA78B-21DA-406A-A1E4-AAC7622FEAC1}.Release|Mixed Platforms.ActiveCfg = Release|Any CPU
		{A6DEA78B-21DA-406A-A1E4-AAC7622FEAC1}.Release|Mixed Platforms.Build.0 = Release|Any CPU
		{A6DEA78B-21DA-406A-A1E4-AAC7622FEAC1}.Release|Win32.ActiveCfg = Release|Any CPU
		{A6DEA78B-21DA-406A-A1E4-AAC7622FEAC1}.Release|x86.ActiveCfg = Release|Any CPU
		{A6DEA78B-21DA-406A-A1E4-AAC7622FEAC1}.Release|x86.Build.0 = Release|Any CPU
		{A6DEA78B-21DA-406A-A1E4-AAC7622FEAC1}.RemoteDBG|Any CPU.ActiveCfg = Release|Any CPU
		{A6DEA78B-21DA-406A-A1E4-AAC7622FEAC1}.RemoteDBG|Any CPU.Build.0 = Release|Any CPU
		{A6DEA78B-21DA-406A-A1E4-AAC7622FEAC1}.RemoteDBG|Mixed Platforms.ActiveCfg = Release|Any CPU
		{A6DEA78B-21DA-406A-A1E4-AAC7622FEAC1}.RemoteDBG|Mixed Platforms.Build.0 = Release|Any CPU
		{A6DEA78B-21DA-406A-A1E4-AAC7622FEAC1}.RemoteDBG|Win32.ActiveCfg = Release|Any CPU
		{A6DEA78B-21DA-406A-A1E4-AAC7622FEAC1}.RemoteDBG|x86.ActiveCfg = Release|Any CPU
		{A6DEA78B-21DA-406A-A1E4-AAC7622FEAC1}.RemoteDBG|x86.Build.0 = Release|Any CPU
		{78CBE21A-9BF5-4EB5-953F-E693A7AF7ACF}.Debug|Any CPU.ActiveCfg = Debug|Any CPU
		{78CBE21A-9BF5-4EB5-953F-E693A7AF7ACF}.Debug|Any CPU.Build.0 = Debug|Any CPU
		{78CBE21A-9BF5-4EB5-953F-E693A7AF7ACF}.Debug|Mixed Platforms.ActiveCfg = Debug|Any CPU
		{78CBE21A-9BF5-4EB5-953F-E693A7AF7ACF}.Debug|Mixed Platforms.Build.0 = Debug|Any CPU
		{78CBE21A-9BF5-4EB5-953F-E693A7AF7ACF}.Debug|Win32.ActiveCfg = Debug|Any CPU
		{78CBE21A-9BF5-4EB5-953F-E693A7AF7ACF}.Debug|x86.ActiveCfg = Debug|Any CPU
		{78CBE21A-9BF5-4EB5-953F-E693A7AF7ACF}.Debug|x86.Build.0 = Debug|Any CPU
		{78CBE21A-9BF5-4EB5-953F-E693A7AF7ACF}.Release|Any CPU.ActiveCfg = Release|Any CPU
		{78CBE21A-9BF5-4EB5-953F-E693A7AF7ACF}.Release|Any CPU.Build.0 = Release|Any CPU
		{78CBE21A-9BF5-4EB5-953F-E693A7AF7ACF}.Release|Mixed Platforms.ActiveCfg = Release|Any CPU
		{78CBE21A-9BF5-4EB5-953F-E693A7AF7ACF}.Release|Mixed Platforms.Build.0 = Release|Any CPU
		{78CBE21A-9BF5-4EB5-953F-E693A7AF7ACF}.Release|Win32.ActiveCfg = Release|Any CPU
		{78CBE21A-9BF5-4EB5-953F-E693A7AF7ACF}.Release|x86.ActiveCfg = Release|Any CPU
		{78CBE21A-9BF5-4EB5-953F-E693A7AF7ACF}.Release|x86.Build.0 = Release|Any CPU
		{78CBE21A-9BF5-4EB5-953F-E693A7AF7ACF}.RemoteDBG|Any CPU.ActiveCfg = Release|Any CPU
		{78CBE21A-9BF5-4EB5-953F-E693A7AF7ACF}.RemoteDBG|Any CPU.Build.0 = Release|Any CPU
		{78CBE21A-9BF5-4EB5-953F-E693A7AF7ACF}.RemoteDBG|Mixed Platforms.ActiveCfg = Release|Any CPU
		{78CBE21A-9BF5-4EB5-953F-E693A7AF7ACF}.RemoteDBG|Mixed Platforms.Build.0 = Release|Any CPU
		{78CBE21A-9BF5-4EB5-953F-E693A7AF7ACF}.RemoteDBG|Win32.ActiveCfg = Release|Any CPU
		{78CBE21A-9BF5-4EB5-953F-E693A7AF7ACF}.RemoteDBG|x86.ActiveCfg = Release|Any CPU
		{78CBE21A-9BF5-4EB5-953F-E693A7AF7ACF}.RemoteDBG|x86.Build.0 = Release|Any CPU
		{1B16BDBD-682B-4D47-8217-D6C2FA79B8FA}.Debug|Any CPU.ActiveCfg = Debug|Any CPU
		{1B16BDBD-682B-4D47-8217-D6C2FA79B8FA}.Debug|Any CPU.Build.0 = Debug|Any CPU
		{1B16BDBD-682B-4D47-8217-D6C2FA79B8FA}.Debug|Mixed Platforms.ActiveCfg = Debug|Any CPU
		{1B16BDBD-682B-4D47-8217-D6C2FA79B8FA}.Debug|Mixed Platforms.Build.0 = Debug|Any CPU
		{1B16BDBD-682B-4D47-8217-D6C2FA79B8FA}.Debug|Win32.ActiveCfg = Debug|Any CPU
		{1B16BDBD-682B-4D47-8217-D6C2FA79B8FA}.Debug|x86.ActiveCfg = Debug|Any CPU
		{1B16BDBD-682B-4D47-8217-D6C2FA79B8FA}.Debug|x86.Build.0 = Debug|Any CPU
		{1B16BDBD-682B-4D47-8217-D6C2FA79B8FA}.Release|Any CPU.ActiveCfg = Release|Any CPU
		{1B16BDBD-682B-4D47-8217-D6C2FA79B8FA}.Release|Any CPU.Build.0 = Release|Any CPU
		{1B16BDBD-682B-4D47-8217-D6C2FA79B8FA}.Release|Mixed Platforms.ActiveCfg = Release|Any CPU
		{1B16BDBD-682B-4D47-8217-D6C2FA79B8FA}.Release|Mixed Platforms.Build.0 = Release|Any CPU
		{1B16BDBD-682B-4D47-8217-D6C2FA79B8FA}.Release|Win32.ActiveCfg = Release|Any CPU
		{1B16BDBD-682B-4D47-8217-D6C2FA79B8FA}.Release|x86.ActiveCfg = Release|Any CPU
		{1B16BDBD-682B-4D47-8217-D6C2FA79B8FA}.Release|x86.Build.0 = Release|Any CPU
		{1B16BDBD-682B-4D47-8217-D6C2FA79B8FA}.RemoteDBG|Any CPU.ActiveCfg = Release|Any CPU
		{1B16BDBD-682B-4D47-8217-D6C2FA79B8FA}.RemoteDBG|Any CPU.Build.0 = Release|Any CPU
		{1B16BDBD-682B-4D47-8217-D6C2FA79B8FA}.RemoteDBG|Mixed Platforms.ActiveCfg = Release|Any CPU
		{1B16BDBD-682B-4D47-8217-D6C2FA79B8FA}.RemoteDBG|Mixed Platforms.Build.0 = Release|Any CPU
		{1B16BDBD-682B-4D47-8217-D6C2FA79B8FA}.RemoteDBG|Win32.ActiveCfg = Release|Any CPU
		{1B16BDBD-682B-4D47-8217-D6C2FA79B8FA}.RemoteDBG|x86.ActiveCfg = Release|Any CPU
		{1B16BDBD-682B-4D47-8217-D6C2FA79B8FA}.RemoteDBG|x86.Build.0 = Release|Any CPU
		{969D2AF0-FE64-4C38-94A5-CEEDB8635886}.Debug|Any CPU.ActiveCfg = Debug|Any CPU
		{969D2AF0-FE64-4C38-94A5-CEEDB8635886}.Debug|Any CPU.Build.0 = Debug|Any CPU
		{969D2AF0-FE64-4C38-94A5-CEEDB8635886}.Debug|Mixed Platforms.ActiveCfg = Debug|Any CPU
		{969D2AF0-FE64-4C38-94A5-CEEDB8635886}.Debug|Mixed Platforms.Build.0 = Debug|Any CPU
		{969D2AF0-FE64-4C38-94A5-CEEDB8635886}.Debug|Win32.ActiveCfg = Debug|Any CPU
		{969D2AF0-FE64-4C38-94A5-CEEDB8635886}.Debug|x86.ActiveCfg = Debug|Any CPU
		{969D2AF0-FE64-4C38-94A5-CEEDB8635886}.Debug|x86.Build.0 = Debug|Any CPU
		{969D2AF0-FE64-4C38-94A5-CEEDB8635886}.Release|Any CPU.ActiveCfg = Release|Any CPU
		{969D2AF0-FE64-4C38-94A5-CEEDB8635886}.Release|Any CPU.Build.0 = Release|Any CPU
		{969D2AF0-FE64-4C38-94A5-CEEDB8635886}.Release|Mixed Platforms.ActiveCfg = Release|Any CPU
		{969D2AF0-FE64-4C38-94A5-CEEDB8635886}.Release|Mixed Platforms.Build.0 = Release|Any CPU
		{969D2AF0-FE64-4C38-94A5-CEEDB8635886}.Release|Win32.ActiveCfg = Release|Any CPU
		{969D2AF0-FE64-4C38-94A5-CEEDB8635886}.Release|x86.ActiveCfg = Release|Any CPU
		{969D2AF0-FE64-4C38-94A5-CEEDB8635886}.Release|x86.Build.0 = Release|Any CPU
		{969D2AF0-FE64-4C38-94A5-CEEDB8635886}.RemoteDBG|Any CPU.ActiveCfg = Release|Any CPU
		{969D2AF0-FE64-4C38-94A5-CEEDB8635886}.RemoteDBG|Any CPU.Build.0 = Release|Any CPU
		{969D2AF0-FE64-4C38-94A5-CEEDB8635886}.RemoteDBG|Mixed Platforms.ActiveCfg = Release|Any CPU
		{969D2AF0-FE64-4C38-94A5-CEEDB8635886}.RemoteDBG|Mixed Platforms.Build.0 = Release|Any CPU
		{969D2AF0-FE64-4C38-94A5-CEEDB8635886}.RemoteDBG|Win32.ActiveCfg = Release|Any CPU
		{969D2AF0-FE64-4C38-94A5-CEEDB8635886}.RemoteDBG|x86.ActiveCfg = Release|Any CPU
		{969D2AF0-FE64-4C38-94A5-CEEDB8635886}.RemoteDBG|x86.Build.0 = Release|Any CPU
		{6F7143EF-CC11-4CA7-B8FB-E71B87B2FC72}.Debug|Any CPU.ActiveCfg = Debug|Any CPU
		{6F7143EF-CC11-4CA7-B8FB-E71B87B2FC72}.Debug|Any CPU.Build.0 = Debug|Any CPU
		{6F7143EF-CC11-4CA7-B8FB-E71B87B2FC72}.Debug|Mixed Platforms.ActiveCfg = Debug|Any CPU
		{6F7143EF-CC11-4CA7-B8FB-E71B87B2FC72}.Debug|Mixed Platforms.Build.0 = Debug|Any CPU
		{6F7143EF-CC11-4CA7-B8FB-E71B87B2FC72}.Debug|Win32.ActiveCfg = Debug|Any CPU
		{6F7143EF-CC11-4CA7-B8FB-E71B87B2FC72}.Debug|x86.ActiveCfg = Debug|Any CPU
		{6F7143EF-CC11-4CA7-B8FB-E71B87B2FC72}.Debug|x86.Build.0 = Debug|Any CPU
		{6F7143EF-CC11-4CA7-B8FB-E71B87B2FC72}.Release|Any CPU.ActiveCfg = Release|Any CPU
		{6F7143EF-CC11-4CA7-B8FB-E71B87B2FC72}.Release|Any CPU.Build.0 = Release|Any CPU
		{6F7143EF-CC11-4CA7-B8FB-E71B87B2FC72}.Release|Mixed Platforms.ActiveCfg = Release|Any CPU
		{6F7143EF-CC11-4CA7-B8FB-E71B87B2FC72}.Release|Mixed Platforms.Build.0 = Release|Any CPU
		{6F7143EF-CC11-4CA7-B8FB-E71B87B2FC72}.Release|Win32.ActiveCfg = Release|Any CPU
		{6F7143EF-CC11-4CA7-B8FB-E71B87B2FC72}.Release|x86.ActiveCfg = Release|Any CPU
		{6F7143EF-CC11-4CA7-B8FB-E71B87B2FC72}.Release|x86.Build.0 = Release|Any CPU
		{6F7143EF-CC11-4CA7-B8FB-E71B87B2FC72}.RemoteDBG|Any CPU.ActiveCfg = Release|Any CPU
		{6F7143EF-CC11-4CA7-B8FB-E71B87B2FC72}.RemoteDBG|Any CPU.Build.0 = Release|Any CPU
		{6F7143EF-CC11-4CA7-B8FB-E71B87B2FC72}.RemoteDBG|Mixed Platforms.ActiveCfg = Release|Any CPU
		{6F7143EF-CC11-4CA7-B8FB-E71B87B2FC72}.RemoteDBG|Mixed Platforms.Build.0 = Release|Any CPU
		{6F7143EF-CC11-4CA7-B8FB-E71B87B2FC72}.RemoteDBG|Win32.ActiveCfg = Release|Any CPU
		{6F7143EF-CC11-4CA7-B8FB-E71B87B2FC72}.RemoteDBG|x86.ActiveCfg = Release|Any CPU
		{6F7143EF-CC11-4CA7-B8FB-E71B87B2FC72}.RemoteDBG|x86.Build.0 = Release|Any CPU
		{168A6925-28F8-48BE-90E5-218988DA8752}.Debug|Any CPU.ActiveCfg = Debug|Any CPU
		{168A6925-28F8-48BE-90E5-218988DA8752}.Debug|Any CPU.Build.0 = Debug|Any CPU
		{168A6925-28F8-48BE-90E5-218988DA8752}.Debug|Mixed Platforms.ActiveCfg = Debug|Any CPU
		{168A6925-28F8-48BE-90E5-218988DA8752}.Debug|Mixed Platforms.Build.0 = Debug|Any CPU
		{168A6925-28F8-48BE-90E5-218988DA8752}.Debug|Win32.ActiveCfg = Debug|Any CPU
		{168A6925-28F8-48BE-90E5-218988DA8752}.Debug|x86.ActiveCfg = Debug|Any CPU
		{168A6925-28F8-48BE-90E5-218988DA8752}.Debug|x86.Build.0 = Debug|Any CPU
		{168A6925-28F8-48BE-90E5-218988DA8752}.Release|Any CPU.ActiveCfg = Release|Any CPU
		{168A6925-28F8-48BE-90E5-218988DA8752}.Release|Any CPU.Build.0 = Release|Any CPU
		{168A6925-28F8-48BE-90E5-218988DA8752}.Release|Mixed Platforms.ActiveCfg = Release|Any CPU
		{168A6925-28F8-48BE-90E5-218988DA8752}.Release|Mixed Platforms.Build.0 = Release|Any CPU
		{168A6925-28F8-48BE-90E5-218988DA8752}.Release|Win32.ActiveCfg = Release|Any CPU
		{168A6925-28F8-48BE-90E5-218988DA8752}.Release|x86.ActiveCfg = Release|Any CPU
		{168A6925-28F8-48BE-90E5-218988DA8752}.Release|x86.Build.0 = Release|Any CPU
		{168A6925-28F8-48BE-90E5-218988DA8752}.RemoteDBG|Any CPU.ActiveCfg = Release|Any CPU
		{168A6925-28F8-48BE-90E5-218988DA8752}.RemoteDBG|Any CPU.Build.0 = Release|Any CPU
		{168A6925-28F8-48BE-90E5-218988DA8752}.RemoteDBG|Mixed Platforms.ActiveCfg = Release|Any CPU
		{168A6925-28F8-48BE-90E5-218988DA8752}.RemoteDBG|Mixed Platforms.Build.0 = Release|Any CPU
		{168A6925-28F8-48BE-90E5-218988DA8752}.RemoteDBG|Win32.ActiveCfg = Release|Any CPU
		{168A6925-28F8-48BE-90E5-218988DA8752}.RemoteDBG|x86.ActiveCfg = Release|Any CPU
		{168A6925-28F8-48BE-90E5-218988DA8752}.RemoteDBG|x86.Build.0 = Release|Any CPU
		{67EE50B8-EE98-4DD6-A76E-105E78B4CD26}.Debug|Any CPU.ActiveCfg = Debug|Any CPU
		{67EE50B8-EE98-4DD6-A76E-105E78B4CD26}.Debug|Any CPU.Build.0 = Debug|Any CPU
		{67EE50B8-EE98-4DD6-A76E-105E78B4CD26}.Debug|Mixed Platforms.ActiveCfg = Debug|Any CPU
		{67EE50B8-EE98-4DD6-A76E-105E78B4CD26}.Debug|Mixed Platforms.Build.0 = Debug|Any CPU
		{67EE50B8-EE98-4DD6-A76E-105E78B4CD26}.Debug|Win32.ActiveCfg = Debug|Any CPU
		{67EE50B8-EE98-4DD6-A76E-105E78B4CD26}.Debug|x86.ActiveCfg = Debug|Any CPU
		{67EE50B8-EE98-4DD6-A76E-105E78B4CD26}.Debug|x86.Build.0 = Debug|Any CPU
		{67EE50B8-EE98-4DD6-A76E-105E78B4CD26}.Release|Any CPU.ActiveCfg = Release|Any CPU
		{67EE50B8-EE98-4DD6-A76E-105E78B4CD26}.Release|Any CPU.Build.0 = Release|Any CPU
		{67EE50B8-EE98-4DD6-A76E-105E78B4CD26}.Release|Mixed Platforms.ActiveCfg = Release|Any CPU
		{67EE50B8-EE98-4DD6-A76E-105E78B4CD26}.Release|Mixed Platforms.Build.0 = Release|Any CPU
		{67EE50B8-EE98-4DD6-A76E-105E78B4CD26}.Release|Win32.ActiveCfg = Release|Any CPU
		{67EE50B8-EE98-4DD6-A76E-105E78B4CD26}.Release|x86.ActiveCfg = Release|Any CPU
		{67EE50B8-EE98-4DD6-A76E-105E78B4CD26}.Release|x86.Build.0 = Release|Any CPU
		{67EE50B8-EE98-4DD6-A76E-105E78B4CD26}.RemoteDBG|Any CPU.ActiveCfg = Release|Any CPU
		{67EE50B8-EE98-4DD6-A76E-105E78B4CD26}.RemoteDBG|Any CPU.Build.0 = Release|Any CPU
		{67EE50B8-EE98-4DD6-A76E-105E78B4CD26}.RemoteDBG|Mixed Platforms.ActiveCfg = Release|Any CPU
		{67EE50B8-EE98-4DD6-A76E-105E78B4CD26}.RemoteDBG|Mixed Platforms.Build.0 = Release|Any CPU
		{67EE50B8-EE98-4DD6-A76E-105E78B4CD26}.RemoteDBG|Win32.ActiveCfg = Release|Any CPU
		{67EE50B8-EE98-4DD6-A76E-105E78B4CD26}.RemoteDBG|x86.ActiveCfg = Release|Any CPU
		{67EE50B8-EE98-4DD6-A76E-105E78B4CD26}.RemoteDBG|x86.Build.0 = Release|Any CPU
		{8C1F49EB-8C4C-4465-AC11-AC833C73D4F4}.Debug|Any CPU.ActiveCfg = Debug|Any CPU
		{8C1F49EB-8C4C-4465-AC11-AC833C73D4F4}.Debug|Any CPU.Build.0 = Debug|Any CPU
		{8C1F49EB-8C4C-4465-AC11-AC833C73D4F4}.Debug|Mixed Platforms.ActiveCfg = Debug|Any CPU
		{8C1F49EB-8C4C-4465-AC11-AC833C73D4F4}.Debug|Mixed Platforms.Build.0 = Debug|Any CPU
		{8C1F49EB-8C4C-4465-AC11-AC833C73D4F4}.Debug|Win32.ActiveCfg = Debug|Any CPU
		{8C1F49EB-8C4C-4465-AC11-AC833C73D4F4}.Debug|x86.ActiveCfg = Debug|Any CPU
		{8C1F49EB-8C4C-4465-AC11-AC833C73D4F4}.Debug|x86.Build.0 = Debug|Any CPU
		{8C1F49EB-8C4C-4465-AC11-AC833C73D4F4}.Release|Any CPU.ActiveCfg = Release|Any CPU
		{8C1F49EB-8C4C-4465-AC11-AC833C73D4F4}.Release|Any CPU.Build.0 = Release|Any CPU
		{8C1F49EB-8C4C-4465-AC11-AC833C73D4F4}.Release|Mixed Platforms.ActiveCfg = Release|Any CPU
		{8C1F49EB-8C4C-4465-AC11-AC833C73D4F4}.Release|Mixed Platforms.Build.0 = Release|Any CPU
		{8C1F49EB-8C4C-4465-AC11-AC833C73D4F4}.Release|Win32.ActiveCfg = Release|Any CPU
		{8C1F49EB-8C4C-4465-AC11-AC833C73D4F4}.Release|x86.ActiveCfg = Release|Any CPU
		{8C1F49EB-8C4C-4465-AC11-AC833C73D4F4}.Release|x86.Build.0 = Release|Any CPU
		{8C1F49EB-8C4C-4465-AC11-AC833C73D4F4}.RemoteDBG|Any CPU.ActiveCfg = Release|Any CPU
		{8C1F49EB-8C4C-4465-AC11-AC833C73D4F4}.RemoteDBG|Any CPU.Build.0 = Release|Any CPU
		{8C1F49EB-8C4C-4465-AC11-AC833C73D4F4}.RemoteDBG|Mixed Platforms.ActiveCfg = Release|Any CPU
		{8C1F49EB-8C4C-4465-AC11-AC833C73D4F4}.RemoteDBG|Mixed Platforms.Build.0 = Release|Any CPU
		{8C1F49EB-8C4C-4465-AC11-AC833C73D4F4}.RemoteDBG|Win32.ActiveCfg = Release|Any CPU
		{8C1F49EB-8C4C-4465-AC11-AC833C73D4F4}.RemoteDBG|x86.ActiveCfg = Release|Any CPU
		{8C1F49EB-8C4C-4465-AC11-AC833C73D4F4}.RemoteDBG|x86.Build.0 = Release|Any CPU
		{D635FB61-94C9-4CC6-B6CA-1EB45D398D8C}.Debug|Any CPU.ActiveCfg = Debug|Win32
		{D635FB61-94C9-4CC6-B6CA-1EB45D398D8C}.Debug|Mixed Platforms.ActiveCfg = Debug|Win32
		{D635FB61-94C9-4CC6-B6CA-1EB45D398D8C}.Debug|Mixed Platforms.Build.0 = Debug|Win32
		{D635FB61-94C9-4CC6-B6CA-1EB45D398D8C}.Debug|Win32.ActiveCfg = Debug|Win32
		{D635FB61-94C9-4CC6-B6CA-1EB45D398D8C}.Debug|Win32.Build.0 = Debug|Win32
		{D635FB61-94C9-4CC6-B6CA-1EB45D398D8C}.Debug|x86.ActiveCfg = Debug|Win32
		{D635FB61-94C9-4CC6-B6CA-1EB45D398D8C}.Debug|x86.Build.0 = Debug|Win32
		{D635FB61-94C9-4CC6-B6CA-1EB45D398D8C}.Release|Any CPU.ActiveCfg = Release|Win32
		{D635FB61-94C9-4CC6-B6CA-1EB45D398D8C}.Release|Mixed Platforms.ActiveCfg = Release|Win32
		{D635FB61-94C9-4CC6-B6CA-1EB45D398D8C}.Release|Mixed Platforms.Build.0 = Release|Win32
		{D635FB61-94C9-4CC6-B6CA-1EB45D398D8C}.Release|Win32.ActiveCfg = Release|Win32
		{D635FB61-94C9-4CC6-B6CA-1EB45D398D8C}.Release|Win32.Build.0 = Release|Win32
		{D635FB61-94C9-4CC6-B6CA-1EB45D398D8C}.Release|x86.ActiveCfg = Release|Win32
		{D635FB61-94C9-4CC6-B6CA-1EB45D398D8C}.Release|x86.Build.0 = Release|Win32
		{D635FB61-94C9-4CC6-B6CA-1EB45D398D8C}.RemoteDBG|Any CPU.ActiveCfg = Release|Win32
		{D635FB61-94C9-4CC6-B6CA-1EB45D398D8C}.RemoteDBG|Mixed Platforms.ActiveCfg = Release|Win32
		{D635FB61-94C9-4CC6-B6CA-1EB45D398D8C}.RemoteDBG|Mixed Platforms.Build.0 = Release|Win32
		{D635FB61-94C9-4CC6-B6CA-1EB45D398D8C}.RemoteDBG|Win32.ActiveCfg = Release|Win32
		{D635FB61-94C9-4CC6-B6CA-1EB45D398D8C}.RemoteDBG|Win32.Build.0 = Release|Win32
		{D635FB61-94C9-4CC6-B6CA-1EB45D398D8C}.RemoteDBG|x86.ActiveCfg = Release|Win32
		{D635FB61-94C9-4CC6-B6CA-1EB45D398D8C}.RemoteDBG|x86.Build.0 = Release|Win32
		{D8D93644-FD98-49D4-A9BF-0AF73B502942}.Debug|Any CPU.ActiveCfg = Debug|Any CPU
		{D8D93644-FD98-49D4-A9BF-0AF73B502942}.Debug|Any CPU.Build.0 = Debug|Any CPU
		{D8D93644-FD98-49D4-A9BF-0AF73B502942}.Debug|Mixed Platforms.ActiveCfg = Debug|Any CPU
		{D8D93644-FD98-49D4-A9BF-0AF73B502942}.Debug|Mixed Platforms.Build.0 = Debug|Any CPU
		{D8D93644-FD98-49D4-A9BF-0AF73B502942}.Debug|Win32.ActiveCfg = Debug|Any CPU
		{D8D93644-FD98-49D4-A9BF-0AF73B502942}.Debug|x86.ActiveCfg = Debug|Any CPU
		{D8D93644-FD98-49D4-A9BF-0AF73B502942}.Debug|x86.Build.0 = Debug|Any CPU
		{D8D93644-FD98-49D4-A9BF-0AF73B502942}.Release|Any CPU.ActiveCfg = Release|Any CPU
		{D8D93644-FD98-49D4-A9BF-0AF73B502942}.Release|Any CPU.Build.0 = Release|Any CPU
		{D8D93644-FD98-49D4-A9BF-0AF73B502942}.Release|Mixed Platforms.ActiveCfg = Release|Any CPU
		{D8D93644-FD98-49D4-A9BF-0AF73B502942}.Release|Mixed Platforms.Build.0 = Release|Any CPU
		{D8D93644-FD98-49D4-A9BF-0AF73B502942}.Release|Win32.ActiveCfg = Release|Any CPU
		{D8D93644-FD98-49D4-A9BF-0AF73B502942}.Release|x86.ActiveCfg = Release|Any CPU
		{D8D93644-FD98-49D4-A9BF-0AF73B502942}.Release|x86.Build.0 = Release|Any CPU
		{D8D93644-FD98-49D4-A9BF-0AF73B502942}.RemoteDBG|Any CPU.ActiveCfg = Release|Any CPU
		{D8D93644-FD98-49D4-A9BF-0AF73B502942}.RemoteDBG|Any CPU.Build.0 = Release|Any CPU
		{D8D93644-FD98-49D4-A9BF-0AF73B502942}.RemoteDBG|Mixed Platforms.ActiveCfg = Release|Any CPU
		{D8D93644-FD98-49D4-A9BF-0AF73B502942}.RemoteDBG|Mixed Platforms.Build.0 = Release|Any CPU
		{D8D93644-FD98-49D4-A9BF-0AF73B502942}.RemoteDBG|Win32.ActiveCfg = Release|Any CPU
		{D8D93644-FD98-49D4-A9BF-0AF73B502942}.RemoteDBG|x86.ActiveCfg = Release|Any CPU
		{D8D93644-FD98-49D4-A9BF-0AF73B502942}.RemoteDBG|x86.Build.0 = Release|Any CPU
		{FDD6AF75-10CB-449B-8C94-520B0DEE34E7}.Debug|Any CPU.ActiveCfg = Debug|Any CPU
		{FDD6AF75-10CB-449B-8C94-520B0DEE34E7}.Debug|Any CPU.Build.0 = Debug|Any CPU
		{FDD6AF75-10CB-449B-8C94-520B0DEE34E7}.Debug|Mixed Platforms.ActiveCfg = Debug|Any CPU
		{FDD6AF75-10CB-449B-8C94-520B0DEE34E7}.Debug|Mixed Platforms.Build.0 = Debug|Any CPU
		{FDD6AF75-10CB-449B-8C94-520B0DEE34E7}.Debug|Win32.ActiveCfg = Debug|Any CPU
		{FDD6AF75-10CB-449B-8C94-520B0DEE34E7}.Debug|x86.ActiveCfg = Debug|Any CPU
		{FDD6AF75-10CB-449B-8C94-520B0DEE34E7}.Debug|x86.Build.0 = Debug|Any CPU
		{FDD6AF75-10CB-449B-8C94-520B0DEE34E7}.Release|Any CPU.ActiveCfg = Release|Any CPU
		{FDD6AF75-10CB-449B-8C94-520B0DEE34E7}.Release|Any CPU.Build.0 = Release|Any CPU
		{FDD6AF75-10CB-449B-8C94-520B0DEE34E7}.Release|Mixed Platforms.ActiveCfg = Release|Any CPU
		{FDD6AF75-10CB-449B-8C94-520B0DEE34E7}.Release|Mixed Platforms.Build.0 = Release|Any CPU
		{FDD6AF75-10CB-449B-8C94-520B0DEE34E7}.Release|Win32.ActiveCfg = Release|Any CPU
		{FDD6AF75-10CB-449B-8C94-520B0DEE34E7}.Release|x86.ActiveCfg = Release|Any CPU
		{FDD6AF75-10CB-449B-8C94-520B0DEE34E7}.Release|x86.Build.0 = Release|Any CPU
		{FDD6AF75-10CB-449B-8C94-520B0DEE34E7}.RemoteDBG|Any CPU.ActiveCfg = Release|Any CPU
		{FDD6AF75-10CB-449B-8C94-520B0DEE34E7}.RemoteDBG|Any CPU.Build.0 = Release|Any CPU
		{FDD6AF75-10CB-449B-8C94-520B0DEE34E7}.RemoteDBG|Mixed Platforms.ActiveCfg = Release|Any CPU
		{FDD6AF75-10CB-449B-8C94-520B0DEE34E7}.RemoteDBG|Mixed Platforms.Build.0 = Release|Any CPU
		{FDD6AF75-10CB-449B-8C94-520B0DEE34E7}.RemoteDBG|Win32.ActiveCfg = Release|Any CPU
		{FDD6AF75-10CB-449B-8C94-520B0DEE34E7}.RemoteDBG|x86.ActiveCfg = Release|Any CPU
		{FDD6AF75-10CB-449B-8C94-520B0DEE34E7}.RemoteDBG|x86.Build.0 = Release|Any CPU
		{48525E0B-3420-4B58-9117-C1368D864C40}.Debug|Any CPU.ActiveCfg = Debug|x86
		{48525E0B-3420-4B58-9117-C1368D864C40}.Debug|Mixed Platforms.ActiveCfg = Debug|x86
		{48525E0B-3420-4B58-9117-C1368D864C40}.Debug|Mixed Platforms.Build.0 = Debug|x86
		{48525E0B-3420-4B58-9117-C1368D864C40}.Debug|Win32.ActiveCfg = Debug|x86
		{48525E0B-3420-4B58-9117-C1368D864C40}.Debug|x86.ActiveCfg = Debug|x86
		{48525E0B-3420-4B58-9117-C1368D864C40}.Debug|x86.Build.0 = Debug|x86
		{48525E0B-3420-4B58-9117-C1368D864C40}.Release|Any CPU.ActiveCfg = Release|x86
		{48525E0B-3420-4B58-9117-C1368D864C40}.Release|Mixed Platforms.ActiveCfg = Release|x86
		{48525E0B-3420-4B58-9117-C1368D864C40}.Release|Mixed Platforms.Build.0 = Release|x86
		{48525E0B-3420-4B58-9117-C1368D864C40}.Release|Win32.ActiveCfg = Release|x86
		{48525E0B-3420-4B58-9117-C1368D864C40}.Release|x86.ActiveCfg = Release|x86
		{48525E0B-3420-4B58-9117-C1368D864C40}.Release|x86.Build.0 = Release|x86
		{48525E0B-3420-4B58-9117-C1368D864C40}.RemoteDBG|Any CPU.ActiveCfg = Release|x86
		{48525E0B-3420-4B58-9117-C1368D864C40}.RemoteDBG|Mixed Platforms.ActiveCfg = Release|x86
		{48525E0B-3420-4B58-9117-C1368D864C40}.RemoteDBG|Mixed Platforms.Build.0 = Release|x86
		{48525E0B-3420-4B58-9117-C1368D864C40}.RemoteDBG|Win32.ActiveCfg = Release|x86
		{48525E0B-3420-4B58-9117-C1368D864C40}.RemoteDBG|x86.ActiveCfg = Release|x86
		{48525E0B-3420-4B58-9117-C1368D864C40}.RemoteDBG|x86.Build.0 = Release|x86
		{B1A14F31-2429-4786-A3C1-9932D8A95657}.Debug|Any CPU.ActiveCfg = Debug|x86
		{B1A14F31-2429-4786-A3C1-9932D8A95657}.Debug|Mixed Platforms.ActiveCfg = Debug|x86
		{B1A14F31-2429-4786-A3C1-9932D8A95657}.Debug|Mixed Platforms.Build.0 = Debug|x86
		{B1A14F31-2429-4786-A3C1-9932D8A95657}.Debug|Win32.ActiveCfg = Debug|x86
		{B1A14F31-2429-4786-A3C1-9932D8A95657}.Debug|x86.ActiveCfg = Debug|x86
		{B1A14F31-2429-4786-A3C1-9932D8A95657}.Debug|x86.Build.0 = Debug|x86
		{B1A14F31-2429-4786-A3C1-9932D8A95657}.Release|Any CPU.ActiveCfg = Release|x86
		{B1A14F31-2429-4786-A3C1-9932D8A95657}.Release|Mixed Platforms.ActiveCfg = Release|x86
		{B1A14F31-2429-4786-A3C1-9932D8A95657}.Release|Mixed Platforms.Build.0 = Release|x86
		{B1A14F31-2429-4786-A3C1-9932D8A95657}.Release|Win32.ActiveCfg = Release|x86
		{B1A14F31-2429-4786-A3C1-9932D8A95657}.Release|x86.ActiveCfg = Release|x86
		{B1A14F31-2429-4786-A3C1-9932D8A95657}.Release|x86.Build.0 = Release|x86
		{B1A14F31-2429-4786-A3C1-9932D8A95657}.RemoteDBG|Any CPU.ActiveCfg = Release|x86
		{B1A14F31-2429-4786-A3C1-9932D8A95657}.RemoteDBG|Mixed Platforms.ActiveCfg = Release|x86
		{B1A14F31-2429-4786-A3C1-9932D8A95657}.RemoteDBG|Mixed Platforms.Build.0 = Release|x86
		{B1A14F31-2429-4786-A3C1-9932D8A95657}.RemoteDBG|Win32.ActiveCfg = Release|x86
		{B1A14F31-2429-4786-A3C1-9932D8A95657}.RemoteDBG|x86.ActiveCfg = Release|x86
		{B1A14F31-2429-4786-A3C1-9932D8A95657}.RemoteDBG|x86.Build.0 = Release|x86
		{82AE2896-68F4-4936-95A5-D01221C7802C}.Debug|Any CPU.ActiveCfg = Debug|Any CPU
		{82AE2896-68F4-4936-95A5-D01221C7802C}.Debug|Any CPU.Build.0 = Debug|Any CPU
		{82AE2896-68F4-4936-95A5-D01221C7802C}.Debug|Mixed Platforms.ActiveCfg = Debug|Any CPU
		{82AE2896-68F4-4936-95A5-D01221C7802C}.Debug|Mixed Platforms.Build.0 = Debug|Any CPU
		{82AE2896-68F4-4936-95A5-D01221C7802C}.Debug|Win32.ActiveCfg = Debug|Any CPU
		{82AE2896-68F4-4936-95A5-D01221C7802C}.Debug|x86.ActiveCfg = Debug|Any CPU
		{82AE2896-68F4-4936-95A5-D01221C7802C}.Debug|x86.Build.0 = Debug|Any CPU
		{82AE2896-68F4-4936-95A5-D01221C7802C}.Release|Any CPU.ActiveCfg = Release|Any CPU
		{82AE2896-68F4-4936-95A5-D01221C7802C}.Release|Any CPU.Build.0 = Release|Any CPU
		{82AE2896-68F4-4936-95A5-D01221C7802C}.Release|Mixed Platforms.ActiveCfg = Release|Any CPU
		{82AE2896-68F4-4936-95A5-D01221C7802C}.Release|Mixed Platforms.Build.0 = Release|Any CPU
		{82AE2896-68F4-4936-95A5-D01221C7802C}.Release|Win32.ActiveCfg = Release|Any CPU
		{82AE2896-68F4-4936-95A5-D01221C7802C}.Release|x86.ActiveCfg = Release|Any CPU
		{82AE2896-68F4-4936-95A5-D01221C7802C}.Release|x86.Build.0 = Release|Any CPU
		{82AE2896-68F4-4936-95A5-D01221C7802C}.RemoteDBG|Any CPU.ActiveCfg = Release|Any CPU
		{82AE2896-68F4-4936-95A5-D01221C7802C}.RemoteDBG|Any CPU.Build.0 = Release|Any CPU
		{82AE2896-68F4-4936-95A5-D01221C7802C}.RemoteDBG|Mixed Platforms.ActiveCfg = Release|Any CPU
		{82AE2896-68F4-4936-95A5-D01221C7802C}.RemoteDBG|Mixed Platforms.Build.0 = Release|Any CPU
		{82AE2896-68F4-4936-95A5-D01221C7802C}.RemoteDBG|Win32.ActiveCfg = Release|Any CPU
		{82AE2896-68F4-4936-95A5-D01221C7802C}.RemoteDBG|x86.ActiveCfg = Release|Any CPU
		{82AE2896-68F4-4936-95A5-D01221C7802C}.RemoteDBG|x86.Build.0 = Release|Any CPU
	EndGlobalSection
	GlobalSection(SolutionProperties) = preSolution
		HideSolutionNode = FALSE
	EndGlobalSection
	GlobalSection(ExtensibilityGlobals) = postSolution
		SolutionGuid = {721FB753-DEE2-4A8F-913F-DED5EFA40563}
	EndGlobalSection
EndGlobal
